
Microsoft Visual Studio Solution File, Format Version 12.00
# Visual Studio Version 17
VisualStudioVersion = 17.0.31521.260
MinimumVisualStudioVersion = 10.0.40219.1
Project("{2150E333-8FDC-42A3-9474-1A3956D46DE8}") = "BasicAbility", "BasicAbility", "{5DFAF4A2-ECB5-46E4-904D-1EA5F48B2D48}"
EndProject
Project("{2150E333-8FDC-42A3-9474-1A3956D46DE8}") = "Configuration", "Configuration", "{59DA3D5F-9E39-4173-8C31-126967CC189F}"
EndProject
Project("{2150E333-8FDC-42A3-9474-1A3956D46DE8}") = "Dispatcher", "Dispatcher", "{FBD326D3-E59C-433E-A88E-14E179E3093D}"
EndProject
Project("{2150E333-8FDC-42A3-9474-1A3956D46DE8}") = "I18n", "I18n", "{EA2668AF-28E3-42C5-9FA5-8C9FF377180E}"
EndProject
Project("{2150E333-8FDC-42A3-9474-1A3956D46DE8}") = "Isolation", "Isolation", "{022D6FF5-4B65-4213-9A97-C69E2B2F99E1}"
EndProject
Project("{2150E333-8FDC-42A3-9474-1A3956D46DE8}") = "Observability", "Observability", "{75050CBC-A0F2-408A-A582-54EF37450B29}"
EndProject
Project("{2150E333-8FDC-42A3-9474-1A3956D46DE8}") = "ReadWriteSpliting", "ReadWriteSpliting", "{509BDB5A-5D32-478F-BF27-F0470C18C7C9}"
EndProject
Project("{2150E333-8FDC-42A3-9474-1A3956D46DE8}") = "SearchEngine", "SearchEngine", "{8C39C640-0E8A-43A7-890C-9742B6B70AA4}"
EndProject
Project("{2150E333-8FDC-42A3-9474-1A3956D46DE8}") = "Service", "Service", "{593A3114-D1E0-47ED-BC37-58E08886175B}"
EndProject
Project("{2150E333-8FDC-42A3-9474-1A3956D46DE8}") = "Testable", "Testable", "{57AD498B-D9AF-4479-8C14-45507F6509F5}"
EndProject
Project("{9A19103F-16F7-4668-BE54-9A1E7A4F7556}") = "MASA.Contrib.ReadWriteSpliting.CQRS.Dapr", "src\ReadWriteSpliting\CQRS\MASA.Contrib.ReadWriteSpliting.CQRS.Dapr\MASA.Contrib.ReadWriteSpliting.CQRS.Dapr.csproj", "{DA342CF9-A80F-47F7-812E-F813D0ABBD75}"
EndProject
Project("{2150E333-8FDC-42A3-9474-1A3956D46DE8}") = "CQRS", "CQRS", "{DA885E64-C5E2-4C22-8C2A-26E68A593F29}"
EndProject
Project("{2150E333-8FDC-42A3-9474-1A3956D46DE8}") = "src", "src", "{42DF7AAC-362C-48F4-B76A-BDEEEFF17CC9}"
EndProject
Project("{2150E333-8FDC-42A3-9474-1A3956D46DE8}") = "solution items", "solution items", "{9F6F9899-D5F1-444A-BE56-64F949550D22}"
	ProjectSection(SolutionItems) = preProject
		nuget.config = nuget.config
	EndProjectSection
EndProject
Project("{9A19103F-16F7-4668-BE54-9A1E7A4F7556}") = "MASA.Contrib.ReadWriteSpliting.CQRS.EventLog.EF", "src\ReadWriteSpliting\CQRS\MASA.Contrib.ReadWriteSpliting.CQRS.EventLog.EF\MASA.Contrib.ReadWriteSpliting.CQRS.EventLog.EF.csproj", "{F66E619E-D604-4D40-838A-C4A514BA2E54}"
EndProject
Project("{9A19103F-16F7-4668-BE54-9A1E7A4F7556}") = "MASA.Contrib.Dispatcher.InMemory", "src\Dispatcher\MASA.Contrib.Dispatcher.InMemory\MASA.Contrib.Dispatcher.InMemory.csproj", "{38449D4B-2E1B-4928-B83A-BE3C545AFF11}"
EndProject
Project("{9A19103F-16F7-4668-BE54-9A1E7A4F7556}") = "MASA.Contrib.Dispatcher.Remoting.Dapr", "src\Dispatcher\MASA.Contrib.Dispatcher.Remoting.Dapr\MASA.Contrib.Dispatcher.Remoting.Dapr.csproj", "{1F4D202A-823E-4588-908D-80B7D6031F99}"
EndProject
Project("{9A19103F-16F7-4668-BE54-9A1E7A4F7556}") = "MASA.Contrib.Dispatcher.Remoting.EventLogs.EF", "src\Dispatcher\MASA.Contrib.Dispatcher.Remoting.EventLogs.EF\MASA.Contrib.Dispatcher.Remoting.EventLogs.EF.csproj", "{C592FD4A-4F45-438A-A092-4CBE85D4A77D}"
EndProject
Project("{2150E333-8FDC-42A3-9474-1A3956D46DE8}") = "test", "test", "{38E6C400-90C0-493E-9266-C1602E229F1B}"
EndProject
Project("{2150E333-8FDC-42A3-9474-1A3956D46DE8}") = "Model", "Model", "{7445B379-BFA8-480B-A7F8-B7A65B46B2D9}"
EndProject
Global
	GlobalSection(SolutionConfigurationPlatforms) = preSolution
		Debug|Any CPU = Debug|Any CPU
		Release|Any CPU = Release|Any CPU
	EndGlobalSection
	GlobalSection(ProjectConfigurationPlatforms) = postSolution
		{DA342CF9-A80F-47F7-812E-F813D0ABBD75}.Debug|Any CPU.ActiveCfg = Debug|Any CPU
		{DA342CF9-A80F-47F7-812E-F813D0ABBD75}.Debug|Any CPU.Build.0 = Debug|Any CPU
		{DA342CF9-A80F-47F7-812E-F813D0ABBD75}.Release|Any CPU.ActiveCfg = Release|Any CPU
		{DA342CF9-A80F-47F7-812E-F813D0ABBD75}.Release|Any CPU.Build.0 = Release|Any CPU
		{F66E619E-D604-4D40-838A-C4A514BA2E54}.Debug|Any CPU.ActiveCfg = Debug|Any CPU
		{F66E619E-D604-4D40-838A-C4A514BA2E54}.Debug|Any CPU.Build.0 = Debug|Any CPU
		{F66E619E-D604-4D40-838A-C4A514BA2E54}.Release|Any CPU.ActiveCfg = Release|Any CPU
		{F66E619E-D604-4D40-838A-C4A514BA2E54}.Release|Any CPU.Build.0 = Release|Any CPU
		{38449D4B-2E1B-4928-B83A-BE3C545AFF11}.Debug|Any CPU.ActiveCfg = Debug|Any CPU
		{38449D4B-2E1B-4928-B83A-BE3C545AFF11}.Debug|Any CPU.Build.0 = Debug|Any CPU
		{38449D4B-2E1B-4928-B83A-BE3C545AFF11}.Release|Any CPU.ActiveCfg = Release|Any CPU
		{38449D4B-2E1B-4928-B83A-BE3C545AFF11}.Release|Any CPU.Build.0 = Release|Any CPU
		{1F4D202A-823E-4588-908D-80B7D6031F99}.Debug|Any CPU.ActiveCfg = Debug|Any CPU
		{1F4D202A-823E-4588-908D-80B7D6031F99}.Debug|Any CPU.Build.0 = Debug|Any CPU
		{1F4D202A-823E-4588-908D-80B7D6031F99}.Release|Any CPU.ActiveCfg = Release|Any CPU
		{1F4D202A-823E-4588-908D-80B7D6031F99}.Release|Any CPU.Build.0 = Release|Any CPU
		{C592FD4A-4F45-438A-A092-4CBE85D4A77D}.Debug|Any CPU.ActiveCfg = Debug|Any CPU
		{C592FD4A-4F45-438A-A092-4CBE85D4A77D}.Debug|Any CPU.Build.0 = Debug|Any CPU
		{C592FD4A-4F45-438A-A092-4CBE85D4A77D}.Release|Any CPU.ActiveCfg = Release|Any CPU
		{C592FD4A-4F45-438A-A092-4CBE85D4A77D}.Release|Any CPU.Build.0 = Release|Any CPU
	EndGlobalSection
	GlobalSection(SolutionProperties) = preSolution
		HideSolutionNode = FALSE
	EndGlobalSection
	GlobalSection(NestedProjects) = preSolution
		{5DFAF4A2-ECB5-46E4-904D-1EA5F48B2D48} = {42DF7AAC-362C-48F4-B76A-BDEEEFF17CC9}
		{59DA3D5F-9E39-4173-8C31-126967CC189F} = {42DF7AAC-362C-48F4-B76A-BDEEEFF17CC9}
		{FBD326D3-E59C-433E-A88E-14E179E3093D} = {42DF7AAC-362C-48F4-B76A-BDEEEFF17CC9}
		{EA2668AF-28E3-42C5-9FA5-8C9FF377180E} = {42DF7AAC-362C-48F4-B76A-BDEEEFF17CC9}
		{022D6FF5-4B65-4213-9A97-C69E2B2F99E1} = {42DF7AAC-362C-48F4-B76A-BDEEEFF17CC9}
		{75050CBC-A0F2-408A-A582-54EF37450B29} = {42DF7AAC-362C-48F4-B76A-BDEEEFF17CC9}
		{509BDB5A-5D32-478F-BF27-F0470C18C7C9} = {42DF7AAC-362C-48F4-B76A-BDEEEFF17CC9}
		{8C39C640-0E8A-43A7-890C-9742B6B70AA4} = {42DF7AAC-362C-48F4-B76A-BDEEEFF17CC9}
		{593A3114-D1E0-47ED-BC37-58E08886175B} = {42DF7AAC-362C-48F4-B76A-BDEEEFF17CC9}
		{57AD498B-D9AF-4479-8C14-45507F6509F5} = {42DF7AAC-362C-48F4-B76A-BDEEEFF17CC9}
		{DA342CF9-A80F-47F7-812E-F813D0ABBD75} = {DA885E64-C5E2-4C22-8C2A-26E68A593F29}
		{DA885E64-C5E2-4C22-8C2A-26E68A593F29} = {509BDB5A-5D32-478F-BF27-F0470C18C7C9}
		{F66E619E-D604-4D40-838A-C4A514BA2E54} = {DA885E64-C5E2-4C22-8C2A-26E68A593F29}
		{38449D4B-2E1B-4928-B83A-BE3C545AFF11} = {FBD326D3-E59C-433E-A88E-14E179E3093D}
		{1F4D202A-823E-4588-908D-80B7D6031F99} = {FBD326D3-E59C-433E-A88E-14E179E3093D}
		{C592FD4A-4F45-438A-A092-4CBE85D4A77D} = {FBD326D3-E59C-433E-A88E-14E179E3093D}
		{7445B379-BFA8-480B-A7F8-B7A65B46B2D9} = {42DF7AAC-362C-48F4-B76A-BDEEEFF17CC9}
	EndGlobalSection
	GlobalSection(ExtensibilityGlobals) = postSolution
		SolutionGuid = {40383055-CC50-4600-AD9A-53C14F620D03}
	EndGlobalSection
EndGlobal
