
Microsoft Visual Studio Solution File, Format Version 12.00
# Visual Studio Version 17
VisualStudioVersion = 17.0.31521.260
MinimumVisualStudioVersion = 10.0.40219.1
Project("{2150E333-8FDC-42A3-9474-1A3956D46DE8}") = "BasicAbility", "BasicAbility", "{5DFAF4A2-ECB5-46E4-904D-1EA5F48B2D48}"
EndProject
Project("{2150E333-8FDC-42A3-9474-1A3956D46DE8}") = "Configuration", "Configuration", "{59DA3D5F-9E39-4173-8C31-126967CC189F}"
EndProject
Project("{2150E333-8FDC-42A3-9474-1A3956D46DE8}") = "Dispatcher", "Dispatcher", "{FBD326D3-E59C-433E-A88E-14E179E3093D}"
EndProject
Project("{2150E333-8FDC-42A3-9474-1A3956D46DE8}") = "I18n", "I18n", "{EA2668AF-28E3-42C5-9FA5-8C9FF377180E}"
EndProject
Project("{2150E333-8FDC-42A3-9474-1A3956D46DE8}") = "Isolation", "Isolation", "{022D6FF5-4B65-4213-9A97-C69E2B2F99E1}"
EndProject
Project("{2150E333-8FDC-42A3-9474-1A3956D46DE8}") = "Observability", "Observability", "{75050CBC-A0F2-408A-A582-54EF37450B29}"
EndProject
Project("{2150E333-8FDC-42A3-9474-1A3956D46DE8}") = "ReadWriteSpliting", "ReadWriteSpliting", "{509BDB5A-5D32-478F-BF27-F0470C18C7C9}"
EndProject
Project("{2150E333-8FDC-42A3-9474-1A3956D46DE8}") = "SearchEngine", "SearchEngine", "{8C39C640-0E8A-43A7-890C-9742B6B70AA4}"
EndProject
Project("{2150E333-8FDC-42A3-9474-1A3956D46DE8}") = "Service", "Service", "{593A3114-D1E0-47ED-BC37-58E08886175B}"
EndProject
Project("{2150E333-8FDC-42A3-9474-1A3956D46DE8}") = "CQRS", "CQRS", "{DA885E64-C5E2-4C22-8C2A-26E68A593F29}"
EndProject
Project("{2150E333-8FDC-42A3-9474-1A3956D46DE8}") = "src", "src", "{42DF7AAC-362C-48F4-B76A-BDEEEFF17CC9}"
EndProject
Project("{2150E333-8FDC-42A3-9474-1A3956D46DE8}") = "solution items", "solution items", "{9F6F9899-D5F1-444A-BE56-64F949550D22}"
	ProjectSection(SolutionItems) = preProject
		nuget.config = nuget.config
	EndProjectSection
EndProject
Project("{2150E333-8FDC-42A3-9474-1A3956D46DE8}") = "test", "test", "{38E6C400-90C0-493E-9266-C1602E229F1B}"
EndProject
Project("{2150E333-8FDC-42A3-9474-1A3956D46DE8}") = "MASA.Contrib.Dispatcher.Events", "MASA.Contrib.Dispatcher.Events", "{2BE750A5-8AC7-457C-9BB2-6E3D5E2D23B8}"
EndProject
Project("{9A19103F-16F7-4668-BE54-9A1E7A4F7556}") = "MASA.Contrib.Service.MinimalAPIs", "src\Service\MASA.Contrib.Service.MinimalAPIs\MASA.Contrib.Service.MinimalAPIs.csproj", "{ED301FA5-4E70-460B-A0D4-1D79D135769F}"
EndProject
Project("{2150E333-8FDC-42A3-9474-1A3956D46DE8}") = "DDD", "DDD", "{21180442-A6A5-4239-A2AD-33FF5BB80E72}"
EndProject
Project("{2150E333-8FDC-42A3-9474-1A3956D46DE8}") = "Data", "Data", "{E33ADF54-4D35-49B7-BDA6-412587CA39FF}"
EndProject
Project("{9A19103F-16F7-4668-BE54-9A1E7A4F7556}") = "MASA.Contrib.Data.Uow.EF", "src\Data\MASA.Contrib.Data.Uow.EF\MASA.Contrib.Data.Uow.EF.csproj", "{626631CD-4FD5-424E-A678-27653F38CA3E}"
EndProject
Project("{9A19103F-16F7-4668-BE54-9A1E7A4F7556}") = "MASA.Contribs.DDD.Domain", "src\DDD\MASA.Contribs.DDD.Domain\MASA.Contribs.DDD.Domain.csproj", "{27D9CDE8-6BD9-470D-B661-6D7F4AE851E0}"
EndProject
Project("{9A19103F-16F7-4668-BE54-9A1E7A4F7556}") = "MASA.Contrib.Data.Uow.EF.Tests", "test\MASA.Contrib.Data.Uow.EF.Tests\MASA.Contrib.Data.Uow.EF.Tests.csproj", "{63BB9F58-316E-4F20-8F45-B45D28FC2476}"
EndProject
Project("{9A19103F-16F7-4668-BE54-9A1E7A4F7556}") = "MASA.Contribs.DDD.Domain.Tests", "test\MASA.Contribs.DDD.Domain.Tests\MASA.Contribs.DDD.Domain.Tests.csproj", "{6D476543-C433-4278-826C-2934BBA95149}"
EndProject
Project("{9A19103F-16F7-4668-BE54-9A1E7A4F7556}") = "MASA.Contrib.Dispatcher.Events", "src\Dispatcher\MASA.Contrib.Dispatcher.Events\MASA.Contrib.Dispatcher.Events.csproj", "{1B44F2E7-28F5-4E88-B8A8-3F336800FD5C}"
EndProject
Project("{9A19103F-16F7-4668-BE54-9A1E7A4F7556}") = "MASA.Contrib.Dispatcher.Events.BenchmarkDotnetTest", "test\MASA.Contrib.Dispatcher.Events.BenchmarkDotnetTest\MASA.Contrib.Dispatcher.Events.BenchmarkDotnetTest.csproj", "{0FF80D58-98D2-43E9-8EAF-7F47C31CB0B6}"
EndProject
Project("{9A19103F-16F7-4668-BE54-9A1E7A4F7556}") = "MASA.Contrib.Dispatcher.Events.CheckMethodsParameter.Tests", "test\MASA.Contrib.Dispatcher.Events.CheckMethodsParameter.Tests\MASA.Contrib.Dispatcher.Events.CheckMethodsParameter.Tests.csproj", "{D55A7D3B-9C24-4029-BC03-41B28AD11DB6}"
EndProject
Project("{9A19103F-16F7-4668-BE54-9A1E7A4F7556}") = "MASA.Contrib.Dispatcher.Events.CheckMethodsParameterNotNull.Tests", "test\MASA.Contrib.Dispatcher.Events.CheckMethodsParameterNotNull.Tests\MASA.Contrib.Dispatcher.Events.CheckMethodsParameterNotNull.Tests.csproj", "{89B2A693-CD8A-4EA2-9991-2CEE44C4D04B}"
EndProject
Project("{9A19103F-16F7-4668-BE54-9A1E7A4F7556}") = "MASA.Contrib.Dispatcher.Events.CheckMethodsParameterType.Tests", "test\MASA.Contrib.Dispatcher.Events.CheckMethodsParameterType.Tests\MASA.Contrib.Dispatcher.Events.CheckMethodsParameterType.Tests.csproj", "{2E172027-1B85-474E-A238-21B2DBDB895F}"
EndProject
Project("{9A19103F-16F7-4668-BE54-9A1E7A4F7556}") = "MASA.Contrib.Dispatcher.Events.CheckMethodsType.Tests", "test\MASA.Contrib.Dispatcher.Events.CheckMethodsType.Tests\MASA.Contrib.Dispatcher.Events.CheckMethodsType.Tests.csproj", "{62760E2C-D3D6-4824-997F-35033E6EB92C}"
EndProject
Project("{9A19103F-16F7-4668-BE54-9A1E7A4F7556}") = "MASA.Contrib.Dispatcher.Events.OnlyCancelHandler.Tests", "test\MASA.Contrib.Dispatcher.Events.OnlyCancelHandler.Tests\MASA.Contrib.Dispatcher.Events.OnlyCancelHandler.Tests.csproj", "{965C85E2-D94E-43DE-BFC2-B9D157242EBB}"
EndProject
Project("{9A19103F-16F7-4668-BE54-9A1E7A4F7556}") = "MASA.Contrib.Dispatcher.Events.OrderEqualBySaga.Tests", "test\MASA.Contrib.Dispatcher.Events.OrderEqualBySaga.Tests\MASA.Contrib.Dispatcher.Events.OrderEqualBySaga.Tests.csproj", "{7D083C64-FF32-43C4-A82C-32C4A4EC1414}"
EndProject
Project("{9A19103F-16F7-4668-BE54-9A1E7A4F7556}") = "MASA.Contrib.Dispatcher.Events.OrderLessThanZeroByFeature.Tests", "test\MASA.Contrib.Dispatcher.Events.OrderLessThanZeroByFeature.Tests\MASA.Contrib.Dispatcher.Events.OrderLessThanZeroByFeature.Tests.csproj", "{DE2E92D3-929F-40E7-B8D0-502A57170A3E}"
EndProject
Project("{9A19103F-16F7-4668-BE54-9A1E7A4F7556}") = "MASA.Contrib.Dispatcher.Events.OrderLessThanZeroBySaga.Tests", "test\MASA.Contrib.Dispatcher.Events.OrderLessThanZeroBySaga.Tests\MASA.Contrib.Dispatcher.Events.OrderLessThanZeroBySaga.Tests.csproj", "{0B139C21-8AFD-41CD-82FE-36E64FDEDE50}"
EndProject
Project("{9A19103F-16F7-4668-BE54-9A1E7A4F7556}") = "MASA.Contrib.Dispatcher.Events.Tests", "test\MASA.Contrib.Dispatcher.Events.Tests\MASA.Contrib.Dispatcher.Events.Tests.csproj", "{3870E8F1-B269-425D-8B03-58835FD53610}"
EndProject
Project("{9A19103F-16F7-4668-BE54-9A1E7A4F7556}") = "MASA.Contrib.Dispatcher.IntegrationEvents.EventLogs.EF", "src\Dispatcher\MASA.Contrib.Dispatcher.IntegrationEvents.EventLogs.EF\MASA.Contrib.Dispatcher.IntegrationEvents.EventLogs.EF.csproj", "{519A99D2-8094-48EC-A888-C0B4E017A4C1}"
EndProject
Project("{9A19103F-16F7-4668-BE54-9A1E7A4F7556}") = "MASA.Contrib.Dispatcher.IntegrationEvents.Dapr", "src\Dispatcher\MASA.Contrib.Dispatcher.IntegrationEvents.Dapr\MASA.Contrib.Dispatcher.IntegrationEvents.Dapr.csproj", "{E946A129-34ED-4069-B44E-EC7B98751006}"
EndProject
Project("{9A19103F-16F7-4668-BE54-9A1E7A4F7556}") = "MASA.Contrib.Dispatcher.IntegrationEvents.Tests", "test\MASA.Contrib.Dispatcher.IntegrationEvents.Tests\MASA.Contrib.Dispatcher.IntegrationEvents.Tests.csproj", "{89790195-6E4D-4616-A3E7-CE591196F1BC}"
EndProject
Project("{9A19103F-16F7-4668-BE54-9A1E7A4F7556}") = "MASA.Contrib.Dispatcher.IntegrationEvents.EventLogs.EF.Tests", "test\MASA.Contrib.Dispatcher.IntegrationEvents.EventLogs.EF.Tests\MASA.Contrib.Dispatcher.IntegrationEvents.EventLogs.EF.Tests.csproj", "{F3DA1941-3610-48F3-901A-E2E873979BFD}"
EndProject
Project("{9A19103F-16F7-4668-BE54-9A1E7A4F7556}") = "MASA.Contrib.ReadWriteSpliting.CQRS", "src\ReadWriteSpliting\CQRS\MASA.Contrib.ReadWriteSpliting.CQRS\MASA.Contrib.ReadWriteSpliting.CQRS.csproj", "{EA23C277-97E4-4FBC-A53B-37048813E14F}"
EndProject
Project("{9A19103F-16F7-4668-BE54-9A1E7A4F7556}") = "MASA.Contribs.DDD.Domain.Repository.EF", "src\DDD\MASA.Contribs.DDD.Domain.Repository.EF\MASA.Contribs.DDD.Domain.Repository.EF.csproj", "{FADC706A-57D0-49C8-B546-5C51BBBEBA1F}"
EndProject
Project("{9A19103F-16F7-4668-BE54-9A1E7A4F7556}") = "MASA.Contribs.DDD.Domain.Repository.EF.Tests", "test\MASA.Contribs.DDD.Domain.Repository.EF.Tests\MASA.Contribs.DDD.Domain.Repository.EF.Tests.csproj", "{B066BCB1-7438-462F-A6E4-1377184FBD1C}"
EndProject
Project("{9A19103F-16F7-4668-BE54-9A1E7A4F7556}") = "MASA.Contribs.Data.Contracts.EF", "src\Data\MASA.Contribs.Data.Contracts.EF\MASA.Contribs.Data.Contracts.EF.csproj", "{D8400ABB-9331-4265-80A0-7DFCE3CAB9FD}"
EndProject
Global
	GlobalSection(SolutionConfigurationPlatforms) = preSolution
		Debug|Any CPU = Debug|Any CPU
		Debug|x64 = Debug|x64
		Release|Any CPU = Release|Any CPU
		Release|x64 = Release|x64
	EndGlobalSection
	GlobalSection(ProjectConfigurationPlatforms) = postSolution
		{ED301FA5-4E70-460B-A0D4-1D79D135769F}.Debug|Any CPU.ActiveCfg = Debug|Any CPU
		{ED301FA5-4E70-460B-A0D4-1D79D135769F}.Debug|Any CPU.Build.0 = Debug|Any CPU
		{ED301FA5-4E70-460B-A0D4-1D79D135769F}.Debug|x64.ActiveCfg = Debug|Any CPU
		{ED301FA5-4E70-460B-A0D4-1D79D135769F}.Debug|x64.Build.0 = Debug|Any CPU
		{ED301FA5-4E70-460B-A0D4-1D79D135769F}.Release|Any CPU.ActiveCfg = Release|Any CPU
		{ED301FA5-4E70-460B-A0D4-1D79D135769F}.Release|Any CPU.Build.0 = Release|Any CPU
		{ED301FA5-4E70-460B-A0D4-1D79D135769F}.Release|x64.ActiveCfg = Release|Any CPU
		{ED301FA5-4E70-460B-A0D4-1D79D135769F}.Release|x64.Build.0 = Release|Any CPU
		{626631CD-4FD5-424E-A678-27653F38CA3E}.Debug|Any CPU.ActiveCfg = Debug|Any CPU
		{626631CD-4FD5-424E-A678-27653F38CA3E}.Debug|Any CPU.Build.0 = Debug|Any CPU
		{626631CD-4FD5-424E-A678-27653F38CA3E}.Debug|x64.ActiveCfg = Debug|Any CPU
		{626631CD-4FD5-424E-A678-27653F38CA3E}.Debug|x64.Build.0 = Debug|Any CPU
		{626631CD-4FD5-424E-A678-27653F38CA3E}.Release|Any CPU.ActiveCfg = Release|Any CPU
		{626631CD-4FD5-424E-A678-27653F38CA3E}.Release|Any CPU.Build.0 = Release|Any CPU
		{626631CD-4FD5-424E-A678-27653F38CA3E}.Release|x64.ActiveCfg = Release|Any CPU
		{626631CD-4FD5-424E-A678-27653F38CA3E}.Release|x64.Build.0 = Release|Any CPU
		{27D9CDE8-6BD9-470D-B661-6D7F4AE851E0}.Debug|Any CPU.ActiveCfg = Debug|Any CPU
		{27D9CDE8-6BD9-470D-B661-6D7F4AE851E0}.Debug|Any CPU.Build.0 = Debug|Any CPU
		{27D9CDE8-6BD9-470D-B661-6D7F4AE851E0}.Debug|x64.ActiveCfg = Debug|Any CPU
		{27D9CDE8-6BD9-470D-B661-6D7F4AE851E0}.Debug|x64.Build.0 = Debug|Any CPU
		{27D9CDE8-6BD9-470D-B661-6D7F4AE851E0}.Release|Any CPU.ActiveCfg = Release|Any CPU
		{27D9CDE8-6BD9-470D-B661-6D7F4AE851E0}.Release|Any CPU.Build.0 = Release|Any CPU
		{27D9CDE8-6BD9-470D-B661-6D7F4AE851E0}.Release|x64.ActiveCfg = Release|Any CPU
		{27D9CDE8-6BD9-470D-B661-6D7F4AE851E0}.Release|x64.Build.0 = Release|Any CPU
		{63BB9F58-316E-4F20-8F45-B45D28FC2476}.Debug|Any CPU.ActiveCfg = Debug|Any CPU
		{63BB9F58-316E-4F20-8F45-B45D28FC2476}.Debug|Any CPU.Build.0 = Debug|Any CPU
		{63BB9F58-316E-4F20-8F45-B45D28FC2476}.Debug|x64.ActiveCfg = Debug|Any CPU
		{63BB9F58-316E-4F20-8F45-B45D28FC2476}.Debug|x64.Build.0 = Debug|Any CPU
		{63BB9F58-316E-4F20-8F45-B45D28FC2476}.Release|Any CPU.ActiveCfg = Release|Any CPU
		{63BB9F58-316E-4F20-8F45-B45D28FC2476}.Release|Any CPU.Build.0 = Release|Any CPU
		{63BB9F58-316E-4F20-8F45-B45D28FC2476}.Release|x64.ActiveCfg = Release|Any CPU
		{63BB9F58-316E-4F20-8F45-B45D28FC2476}.Release|x64.Build.0 = Release|Any CPU
		{6D476543-C433-4278-826C-2934BBA95149}.Debug|Any CPU.ActiveCfg = Debug|Any CPU
		{6D476543-C433-4278-826C-2934BBA95149}.Debug|Any CPU.Build.0 = Debug|Any CPU
		{6D476543-C433-4278-826C-2934BBA95149}.Debug|x64.ActiveCfg = Debug|Any CPU
		{6D476543-C433-4278-826C-2934BBA95149}.Debug|x64.Build.0 = Debug|Any CPU
		{6D476543-C433-4278-826C-2934BBA95149}.Release|Any CPU.ActiveCfg = Release|Any CPU
		{6D476543-C433-4278-826C-2934BBA95149}.Release|Any CPU.Build.0 = Release|Any CPU
		{6D476543-C433-4278-826C-2934BBA95149}.Release|x64.ActiveCfg = Release|Any CPU
		{6D476543-C433-4278-826C-2934BBA95149}.Release|x64.Build.0 = Release|Any CPU
		{1B44F2E7-28F5-4E88-B8A8-3F336800FD5C}.Debug|Any CPU.ActiveCfg = Debug|Any CPU
		{1B44F2E7-28F5-4E88-B8A8-3F336800FD5C}.Debug|Any CPU.Build.0 = Debug|Any CPU
		{1B44F2E7-28F5-4E88-B8A8-3F336800FD5C}.Debug|x64.ActiveCfg = Debug|Any CPU
		{1B44F2E7-28F5-4E88-B8A8-3F336800FD5C}.Debug|x64.Build.0 = Debug|Any CPU
		{1B44F2E7-28F5-4E88-B8A8-3F336800FD5C}.Release|Any CPU.ActiveCfg = Release|Any CPU
		{1B44F2E7-28F5-4E88-B8A8-3F336800FD5C}.Release|Any CPU.Build.0 = Release|Any CPU
		{1B44F2E7-28F5-4E88-B8A8-3F336800FD5C}.Release|x64.ActiveCfg = Release|Any CPU
		{1B44F2E7-28F5-4E88-B8A8-3F336800FD5C}.Release|x64.Build.0 = Release|Any CPU
		{0FF80D58-98D2-43E9-8EAF-7F47C31CB0B6}.Debug|Any CPU.ActiveCfg = Debug|Any CPU
		{0FF80D58-98D2-43E9-8EAF-7F47C31CB0B6}.Debug|Any CPU.Build.0 = Debug|Any CPU
		{0FF80D58-98D2-43E9-8EAF-7F47C31CB0B6}.Debug|x64.ActiveCfg = Debug|Any CPU
		{0FF80D58-98D2-43E9-8EAF-7F47C31CB0B6}.Debug|x64.Build.0 = Debug|Any CPU
		{0FF80D58-98D2-43E9-8EAF-7F47C31CB0B6}.Release|Any CPU.ActiveCfg = Release|Any CPU
		{0FF80D58-98D2-43E9-8EAF-7F47C31CB0B6}.Release|Any CPU.Build.0 = Release|Any CPU
		{0FF80D58-98D2-43E9-8EAF-7F47C31CB0B6}.Release|x64.ActiveCfg = Release|Any CPU
		{0FF80D58-98D2-43E9-8EAF-7F47C31CB0B6}.Release|x64.Build.0 = Release|Any CPU
		{D55A7D3B-9C24-4029-BC03-41B28AD11DB6}.Debug|Any CPU.ActiveCfg = Debug|Any CPU
		{D55A7D3B-9C24-4029-BC03-41B28AD11DB6}.Debug|Any CPU.Build.0 = Debug|Any CPU
		{D55A7D3B-9C24-4029-BC03-41B28AD11DB6}.Debug|x64.ActiveCfg = Debug|Any CPU
		{D55A7D3B-9C24-4029-BC03-41B28AD11DB6}.Debug|x64.Build.0 = Debug|Any CPU
		{D55A7D3B-9C24-4029-BC03-41B28AD11DB6}.Release|Any CPU.ActiveCfg = Release|Any CPU
		{D55A7D3B-9C24-4029-BC03-41B28AD11DB6}.Release|Any CPU.Build.0 = Release|Any CPU
		{D55A7D3B-9C24-4029-BC03-41B28AD11DB6}.Release|x64.ActiveCfg = Release|Any CPU
		{D55A7D3B-9C24-4029-BC03-41B28AD11DB6}.Release|x64.Build.0 = Release|Any CPU
		{89B2A693-CD8A-4EA2-9991-2CEE44C4D04B}.Debug|Any CPU.ActiveCfg = Debug|Any CPU
		{89B2A693-CD8A-4EA2-9991-2CEE44C4D04B}.Debug|Any CPU.Build.0 = Debug|Any CPU
		{89B2A693-CD8A-4EA2-9991-2CEE44C4D04B}.Debug|x64.ActiveCfg = Debug|Any CPU
		{89B2A693-CD8A-4EA2-9991-2CEE44C4D04B}.Debug|x64.Build.0 = Debug|Any CPU
		{89B2A693-CD8A-4EA2-9991-2CEE44C4D04B}.Release|Any CPU.ActiveCfg = Release|Any CPU
		{89B2A693-CD8A-4EA2-9991-2CEE44C4D04B}.Release|Any CPU.Build.0 = Release|Any CPU
		{89B2A693-CD8A-4EA2-9991-2CEE44C4D04B}.Release|x64.ActiveCfg = Release|Any CPU
		{89B2A693-CD8A-4EA2-9991-2CEE44C4D04B}.Release|x64.Build.0 = Release|Any CPU
		{2E172027-1B85-474E-A238-21B2DBDB895F}.Debug|Any CPU.ActiveCfg = Debug|Any CPU
		{2E172027-1B85-474E-A238-21B2DBDB895F}.Debug|Any CPU.Build.0 = Debug|Any CPU
		{2E172027-1B85-474E-A238-21B2DBDB895F}.Debug|x64.ActiveCfg = Debug|Any CPU
		{2E172027-1B85-474E-A238-21B2DBDB895F}.Debug|x64.Build.0 = Debug|Any CPU
		{2E172027-1B85-474E-A238-21B2DBDB895F}.Release|Any CPU.ActiveCfg = Release|Any CPU
		{2E172027-1B85-474E-A238-21B2DBDB895F}.Release|Any CPU.Build.0 = Release|Any CPU
		{2E172027-1B85-474E-A238-21B2DBDB895F}.Release|x64.ActiveCfg = Release|Any CPU
		{2E172027-1B85-474E-A238-21B2DBDB895F}.Release|x64.Build.0 = Release|Any CPU
		{62760E2C-D3D6-4824-997F-35033E6EB92C}.Debug|Any CPU.ActiveCfg = Debug|Any CPU
		{62760E2C-D3D6-4824-997F-35033E6EB92C}.Debug|Any CPU.Build.0 = Debug|Any CPU
		{62760E2C-D3D6-4824-997F-35033E6EB92C}.Debug|x64.ActiveCfg = Debug|Any CPU
		{62760E2C-D3D6-4824-997F-35033E6EB92C}.Debug|x64.Build.0 = Debug|Any CPU
		{62760E2C-D3D6-4824-997F-35033E6EB92C}.Release|Any CPU.ActiveCfg = Release|Any CPU
		{62760E2C-D3D6-4824-997F-35033E6EB92C}.Release|Any CPU.Build.0 = Release|Any CPU
		{62760E2C-D3D6-4824-997F-35033E6EB92C}.Release|x64.ActiveCfg = Release|Any CPU
		{62760E2C-D3D6-4824-997F-35033E6EB92C}.Release|x64.Build.0 = Release|Any CPU
		{965C85E2-D94E-43DE-BFC2-B9D157242EBB}.Debug|Any CPU.ActiveCfg = Debug|Any CPU
		{965C85E2-D94E-43DE-BFC2-B9D157242EBB}.Debug|Any CPU.Build.0 = Debug|Any CPU
		{965C85E2-D94E-43DE-BFC2-B9D157242EBB}.Debug|x64.ActiveCfg = Debug|Any CPU
		{965C85E2-D94E-43DE-BFC2-B9D157242EBB}.Debug|x64.Build.0 = Debug|Any CPU
		{965C85E2-D94E-43DE-BFC2-B9D157242EBB}.Release|Any CPU.ActiveCfg = Release|Any CPU
		{965C85E2-D94E-43DE-BFC2-B9D157242EBB}.Release|Any CPU.Build.0 = Release|Any CPU
		{965C85E2-D94E-43DE-BFC2-B9D157242EBB}.Release|x64.ActiveCfg = Release|Any CPU
		{965C85E2-D94E-43DE-BFC2-B9D157242EBB}.Release|x64.Build.0 = Release|Any CPU
		{7D083C64-FF32-43C4-A82C-32C4A4EC1414}.Debug|Any CPU.ActiveCfg = Debug|Any CPU
		{7D083C64-FF32-43C4-A82C-32C4A4EC1414}.Debug|Any CPU.Build.0 = Debug|Any CPU
		{7D083C64-FF32-43C4-A82C-32C4A4EC1414}.Debug|x64.ActiveCfg = Debug|Any CPU
		{7D083C64-FF32-43C4-A82C-32C4A4EC1414}.Debug|x64.Build.0 = Debug|Any CPU
		{7D083C64-FF32-43C4-A82C-32C4A4EC1414}.Release|Any CPU.ActiveCfg = Release|Any CPU
		{7D083C64-FF32-43C4-A82C-32C4A4EC1414}.Release|Any CPU.Build.0 = Release|Any CPU
		{7D083C64-FF32-43C4-A82C-32C4A4EC1414}.Release|x64.ActiveCfg = Release|Any CPU
		{7D083C64-FF32-43C4-A82C-32C4A4EC1414}.Release|x64.Build.0 = Release|Any CPU
		{DE2E92D3-929F-40E7-B8D0-502A57170A3E}.Debug|Any CPU.ActiveCfg = Debug|Any CPU
		{DE2E92D3-929F-40E7-B8D0-502A57170A3E}.Debug|Any CPU.Build.0 = Debug|Any CPU
		{DE2E92D3-929F-40E7-B8D0-502A57170A3E}.Debug|x64.ActiveCfg = Debug|Any CPU
		{DE2E92D3-929F-40E7-B8D0-502A57170A3E}.Debug|x64.Build.0 = Debug|Any CPU
		{DE2E92D3-929F-40E7-B8D0-502A57170A3E}.Release|Any CPU.ActiveCfg = Release|Any CPU
		{DE2E92D3-929F-40E7-B8D0-502A57170A3E}.Release|Any CPU.Build.0 = Release|Any CPU
		{DE2E92D3-929F-40E7-B8D0-502A57170A3E}.Release|x64.ActiveCfg = Release|Any CPU
		{DE2E92D3-929F-40E7-B8D0-502A57170A3E}.Release|x64.Build.0 = Release|Any CPU
		{0B139C21-8AFD-41CD-82FE-36E64FDEDE50}.Debug|Any CPU.ActiveCfg = Debug|Any CPU
		{0B139C21-8AFD-41CD-82FE-36E64FDEDE50}.Debug|Any CPU.Build.0 = Debug|Any CPU
		{0B139C21-8AFD-41CD-82FE-36E64FDEDE50}.Debug|x64.ActiveCfg = Debug|Any CPU
		{0B139C21-8AFD-41CD-82FE-36E64FDEDE50}.Debug|x64.Build.0 = Debug|Any CPU
		{0B139C21-8AFD-41CD-82FE-36E64FDEDE50}.Release|Any CPU.ActiveCfg = Release|Any CPU
		{0B139C21-8AFD-41CD-82FE-36E64FDEDE50}.Release|Any CPU.Build.0 = Release|Any CPU
		{0B139C21-8AFD-41CD-82FE-36E64FDEDE50}.Release|x64.ActiveCfg = Release|Any CPU
		{0B139C21-8AFD-41CD-82FE-36E64FDEDE50}.Release|x64.Build.0 = Release|Any CPU
		{3870E8F1-B269-425D-8B03-58835FD53610}.Debug|Any CPU.ActiveCfg = Debug|Any CPU
		{3870E8F1-B269-425D-8B03-58835FD53610}.Debug|Any CPU.Build.0 = Debug|Any CPU
		{3870E8F1-B269-425D-8B03-58835FD53610}.Debug|x64.ActiveCfg = Debug|Any CPU
		{3870E8F1-B269-425D-8B03-58835FD53610}.Debug|x64.Build.0 = Debug|Any CPU
		{3870E8F1-B269-425D-8B03-58835FD53610}.Release|Any CPU.ActiveCfg = Release|Any CPU
		{3870E8F1-B269-425D-8B03-58835FD53610}.Release|Any CPU.Build.0 = Release|Any CPU
		{3870E8F1-B269-425D-8B03-58835FD53610}.Release|x64.ActiveCfg = Release|Any CPU
		{3870E8F1-B269-425D-8B03-58835FD53610}.Release|x64.Build.0 = Release|Any CPU
		{519A99D2-8094-48EC-A888-C0B4E017A4C1}.Debug|Any CPU.ActiveCfg = Debug|Any CPU
		{519A99D2-8094-48EC-A888-C0B4E017A4C1}.Debug|Any CPU.Build.0 = Debug|Any CPU
		{519A99D2-8094-48EC-A888-C0B4E017A4C1}.Debug|x64.ActiveCfg = Debug|Any CPU
		{519A99D2-8094-48EC-A888-C0B4E017A4C1}.Debug|x64.Build.0 = Debug|Any CPU
		{519A99D2-8094-48EC-A888-C0B4E017A4C1}.Release|Any CPU.ActiveCfg = Release|Any CPU
		{519A99D2-8094-48EC-A888-C0B4E017A4C1}.Release|Any CPU.Build.0 = Release|Any CPU
		{519A99D2-8094-48EC-A888-C0B4E017A4C1}.Release|x64.ActiveCfg = Release|Any CPU
		{519A99D2-8094-48EC-A888-C0B4E017A4C1}.Release|x64.Build.0 = Release|Any CPU
		{E946A129-34ED-4069-B44E-EC7B98751006}.Debug|Any CPU.ActiveCfg = Debug|Any CPU
		{E946A129-34ED-4069-B44E-EC7B98751006}.Debug|Any CPU.Build.0 = Debug|Any CPU
		{E946A129-34ED-4069-B44E-EC7B98751006}.Debug|x64.ActiveCfg = Debug|Any CPU
		{E946A129-34ED-4069-B44E-EC7B98751006}.Debug|x64.Build.0 = Debug|Any CPU
		{E946A129-34ED-4069-B44E-EC7B98751006}.Release|Any CPU.ActiveCfg = Release|Any CPU
		{E946A129-34ED-4069-B44E-EC7B98751006}.Release|Any CPU.Build.0 = Release|Any CPU
		{E946A129-34ED-4069-B44E-EC7B98751006}.Release|x64.ActiveCfg = Release|Any CPU
		{E946A129-34ED-4069-B44E-EC7B98751006}.Release|x64.Build.0 = Release|Any CPU
		{89790195-6E4D-4616-A3E7-CE591196F1BC}.Debug|Any CPU.ActiveCfg = Debug|Any CPU
		{89790195-6E4D-4616-A3E7-CE591196F1BC}.Debug|Any CPU.Build.0 = Debug|Any CPU
		{89790195-6E4D-4616-A3E7-CE591196F1BC}.Debug|x64.ActiveCfg = Debug|Any CPU
		{89790195-6E4D-4616-A3E7-CE591196F1BC}.Debug|x64.Build.0 = Debug|Any CPU
		{89790195-6E4D-4616-A3E7-CE591196F1BC}.Release|Any CPU.ActiveCfg = Release|Any CPU
		{89790195-6E4D-4616-A3E7-CE591196F1BC}.Release|Any CPU.Build.0 = Release|Any CPU
		{89790195-6E4D-4616-A3E7-CE591196F1BC}.Release|x64.ActiveCfg = Release|Any CPU
		{89790195-6E4D-4616-A3E7-CE591196F1BC}.Release|x64.Build.0 = Release|Any CPU
		{F3DA1941-3610-48F3-901A-E2E873979BFD}.Debug|Any CPU.ActiveCfg = Debug|Any CPU
		{F3DA1941-3610-48F3-901A-E2E873979BFD}.Debug|Any CPU.Build.0 = Debug|Any CPU
		{F3DA1941-3610-48F3-901A-E2E873979BFD}.Debug|x64.ActiveCfg = Debug|Any CPU
		{F3DA1941-3610-48F3-901A-E2E873979BFD}.Debug|x64.Build.0 = Debug|Any CPU
		{F3DA1941-3610-48F3-901A-E2E873979BFD}.Release|Any CPU.ActiveCfg = Release|Any CPU
		{F3DA1941-3610-48F3-901A-E2E873979BFD}.Release|Any CPU.Build.0 = Release|Any CPU
		{F3DA1941-3610-48F3-901A-E2E873979BFD}.Release|x64.ActiveCfg = Release|Any CPU
		{F3DA1941-3610-48F3-901A-E2E873979BFD}.Release|x64.Build.0 = Release|Any CPU
		{EA23C277-97E4-4FBC-A53B-37048813E14F}.Debug|Any CPU.ActiveCfg = Debug|Any CPU
		{EA23C277-97E4-4FBC-A53B-37048813E14F}.Debug|Any CPU.Build.0 = Debug|Any CPU
		{EA23C277-97E4-4FBC-A53B-37048813E14F}.Debug|x64.ActiveCfg = Debug|Any CPU
		{EA23C277-97E4-4FBC-A53B-37048813E14F}.Debug|x64.Build.0 = Debug|Any CPU
		{EA23C277-97E4-4FBC-A53B-37048813E14F}.Release|Any CPU.ActiveCfg = Release|Any CPU
		{EA23C277-97E4-4FBC-A53B-37048813E14F}.Release|Any CPU.Build.0 = Release|Any CPU
		{EA23C277-97E4-4FBC-A53B-37048813E14F}.Release|x64.ActiveCfg = Release|Any CPU
		{EA23C277-97E4-4FBC-A53B-37048813E14F}.Release|x64.Build.0 = Release|Any CPU
		{FADC706A-57D0-49C8-B546-5C51BBBEBA1F}.Debug|Any CPU.ActiveCfg = Debug|Any CPU
		{FADC706A-57D0-49C8-B546-5C51BBBEBA1F}.Debug|Any CPU.Build.0 = Debug|Any CPU
		{FADC706A-57D0-49C8-B546-5C51BBBEBA1F}.Debug|x64.ActiveCfg = Debug|Any CPU
		{FADC706A-57D0-49C8-B546-5C51BBBEBA1F}.Debug|x64.Build.0 = Debug|Any CPU
		{FADC706A-57D0-49C8-B546-5C51BBBEBA1F}.Release|Any CPU.ActiveCfg = Release|Any CPU
		{FADC706A-57D0-49C8-B546-5C51BBBEBA1F}.Release|Any CPU.Build.0 = Release|Any CPU
		{FADC706A-57D0-49C8-B546-5C51BBBEBA1F}.Release|x64.ActiveCfg = Release|Any CPU
		{FADC706A-57D0-49C8-B546-5C51BBBEBA1F}.Release|x64.Build.0 = Release|Any CPU
		{B066BCB1-7438-462F-A6E4-1377184FBD1C}.Debug|Any CPU.ActiveCfg = Debug|Any CPU
		{B066BCB1-7438-462F-A6E4-1377184FBD1C}.Debug|Any CPU.Build.0 = Debug|Any CPU
		{B066BCB1-7438-462F-A6E4-1377184FBD1C}.Debug|x64.ActiveCfg = Debug|Any CPU
		{B066BCB1-7438-462F-A6E4-1377184FBD1C}.Debug|x64.Build.0 = Debug|Any CPU
		{B066BCB1-7438-462F-A6E4-1377184FBD1C}.Release|Any CPU.ActiveCfg = Release|Any CPU
		{B066BCB1-7438-462F-A6E4-1377184FBD1C}.Release|Any CPU.Build.0 = Release|Any CPU
		{B066BCB1-7438-462F-A6E4-1377184FBD1C}.Release|x64.ActiveCfg = Release|Any CPU
		{B066BCB1-7438-462F-A6E4-1377184FBD1C}.Release|x64.Build.0 = Release|Any CPU
		{D8400ABB-9331-4265-80A0-7DFCE3CAB9FD}.Debug|Any CPU.ActiveCfg = Debug|Any CPU
		{D8400ABB-9331-4265-80A0-7DFCE3CAB9FD}.Debug|Any CPU.Build.0 = Debug|Any CPU
		{D8400ABB-9331-4265-80A0-7DFCE3CAB9FD}.Debug|x64.ActiveCfg = Debug|Any CPU
		{D8400ABB-9331-4265-80A0-7DFCE3CAB9FD}.Debug|x64.Build.0 = Debug|Any CPU
		{D8400ABB-9331-4265-80A0-7DFCE3CAB9FD}.Release|Any CPU.ActiveCfg = Release|Any CPU
		{D8400ABB-9331-4265-80A0-7DFCE3CAB9FD}.Release|Any CPU.Build.0 = Release|Any CPU
		{D8400ABB-9331-4265-80A0-7DFCE3CAB9FD}.Release|x64.ActiveCfg = Release|Any CPU
		{D8400ABB-9331-4265-80A0-7DFCE3CAB9FD}.Release|x64.Build.0 = Release|Any CPU
	EndGlobalSection
	GlobalSection(SolutionProperties) = preSolution
		HideSolutionNode = FALSE
	EndGlobalSection
	GlobalSection(NestedProjects) = preSolution
		{5DFAF4A2-ECB5-46E4-904D-1EA5F48B2D48} = {42DF7AAC-362C-48F4-B76A-BDEEEFF17CC9}
		{59DA3D5F-9E39-4173-8C31-126967CC189F} = {42DF7AAC-362C-48F4-B76A-BDEEEFF17CC9}
		{FBD326D3-E59C-433E-A88E-14E179E3093D} = {42DF7AAC-362C-48F4-B76A-BDEEEFF17CC9}
		{EA2668AF-28E3-42C5-9FA5-8C9FF377180E} = {42DF7AAC-362C-48F4-B76A-BDEEEFF17CC9}
		{022D6FF5-4B65-4213-9A97-C69E2B2F99E1} = {42DF7AAC-362C-48F4-B76A-BDEEEFF17CC9}
		{75050CBC-A0F2-408A-A582-54EF37450B29} = {42DF7AAC-362C-48F4-B76A-BDEEEFF17CC9}
		{509BDB5A-5D32-478F-BF27-F0470C18C7C9} = {42DF7AAC-362C-48F4-B76A-BDEEEFF17CC9}
		{8C39C640-0E8A-43A7-890C-9742B6B70AA4} = {42DF7AAC-362C-48F4-B76A-BDEEEFF17CC9}
		{593A3114-D1E0-47ED-BC37-58E08886175B} = {42DF7AAC-362C-48F4-B76A-BDEEEFF17CC9}
		{DA885E64-C5E2-4C22-8C2A-26E68A593F29} = {509BDB5A-5D32-478F-BF27-F0470C18C7C9}
		{2BE750A5-8AC7-457C-9BB2-6E3D5E2D23B8} = {38E6C400-90C0-493E-9266-C1602E229F1B}
		{ED301FA5-4E70-460B-A0D4-1D79D135769F} = {593A3114-D1E0-47ED-BC37-58E08886175B}
		{21180442-A6A5-4239-A2AD-33FF5BB80E72} = {42DF7AAC-362C-48F4-B76A-BDEEEFF17CC9}
		{E33ADF54-4D35-49B7-BDA6-412587CA39FF} = {42DF7AAC-362C-48F4-B76A-BDEEEFF17CC9}
		{626631CD-4FD5-424E-A678-27653F38CA3E} = {E33ADF54-4D35-49B7-BDA6-412587CA39FF}
		{27D9CDE8-6BD9-470D-B661-6D7F4AE851E0} = {21180442-A6A5-4239-A2AD-33FF5BB80E72}
		{63BB9F58-316E-4F20-8F45-B45D28FC2476} = {38E6C400-90C0-493E-9266-C1602E229F1B}
		{6D476543-C433-4278-826C-2934BBA95149} = {38E6C400-90C0-493E-9266-C1602E229F1B}
		{1B44F2E7-28F5-4E88-B8A8-3F336800FD5C} = {FBD326D3-E59C-433E-A88E-14E179E3093D}
		{0FF80D58-98D2-43E9-8EAF-7F47C31CB0B6} = {2BE750A5-8AC7-457C-9BB2-6E3D5E2D23B8}
		{D55A7D3B-9C24-4029-BC03-41B28AD11DB6} = {2BE750A5-8AC7-457C-9BB2-6E3D5E2D23B8}
		{89B2A693-CD8A-4EA2-9991-2CEE44C4D04B} = {2BE750A5-8AC7-457C-9BB2-6E3D5E2D23B8}
		{2E172027-1B85-474E-A238-21B2DBDB895F} = {2BE750A5-8AC7-457C-9BB2-6E3D5E2D23B8}
		{62760E2C-D3D6-4824-997F-35033E6EB92C} = {2BE750A5-8AC7-457C-9BB2-6E3D5E2D23B8}
		{965C85E2-D94E-43DE-BFC2-B9D157242EBB} = {2BE750A5-8AC7-457C-9BB2-6E3D5E2D23B8}
		{7D083C64-FF32-43C4-A82C-32C4A4EC1414} = {2BE750A5-8AC7-457C-9BB2-6E3D5E2D23B8}
		{DE2E92D3-929F-40E7-B8D0-502A57170A3E} = {2BE750A5-8AC7-457C-9BB2-6E3D5E2D23B8}
		{0B139C21-8AFD-41CD-82FE-36E64FDEDE50} = {2BE750A5-8AC7-457C-9BB2-6E3D5E2D23B8}
		{3870E8F1-B269-425D-8B03-58835FD53610} = {2BE750A5-8AC7-457C-9BB2-6E3D5E2D23B8}
		{519A99D2-8094-48EC-A888-C0B4E017A4C1} = {FBD326D3-E59C-433E-A88E-14E179E3093D}
		{E946A129-34ED-4069-B44E-EC7B98751006} = {FBD326D3-E59C-433E-A88E-14E179E3093D}
		{89790195-6E4D-4616-A3E7-CE591196F1BC} = {38E6C400-90C0-493E-9266-C1602E229F1B}
		{F3DA1941-3610-48F3-901A-E2E873979BFD} = {38E6C400-90C0-493E-9266-C1602E229F1B}
		{EA23C277-97E4-4FBC-A53B-37048813E14F} = {DA885E64-C5E2-4C22-8C2A-26E68A593F29}
		{FADC706A-57D0-49C8-B546-5C51BBBEBA1F} = {21180442-A6A5-4239-A2AD-33FF5BB80E72}
		{B066BCB1-7438-462F-A6E4-1377184FBD1C} = {38E6C400-90C0-493E-9266-C1602E229F1B}
		{D8400ABB-9331-4265-80A0-7DFCE3CAB9FD} = {E33ADF54-4D35-49B7-BDA6-412587CA39FF}
	EndGlobalSection
	GlobalSection(ExtensibilityGlobals) = postSolution
		SolutionGuid = {40383055-CC50-4600-AD9A-53C14F620D03}
	EndGlobalSection
EndGlobal
