
Microsoft Visual Studio Solution File, Format Version 12.00
# Visual Studio Version 17
VisualStudioVersion = 17.0.31606.5
MinimumVisualStudioVersion = 10.0.40219.1
Project("{2150E333-8FDC-42A3-9474-1A3956D46DE8}") = "src", "src", "{D956582F-4071-47E6-A8E7-4C5A83770045}"
EndProject
Project("{2150E333-8FDC-42A3-9474-1A3956D46DE8}") = "solution items", "solution items", "{2852693E-7C18-4031-AF92-DA423BD0B3D8}"
	ProjectSection(SolutionItems) = preProject
		.gitignore = .gitignore
		README.md = README.md
	EndProjectSection
EndProject
Project("{2150E333-8FDC-42A3-9474-1A3956D46DE8}") = "Configuration", "Configuration", "{AC4B880D-01C6-4D9C-AE55-21A1A0E5E3DB}"
EndProject
Project("{2150E333-8FDC-42A3-9474-1A3956D46DE8}") = "Caching", "Caching", "{A7C058C9-B4A3-472A-A82B-FC4A0A12AC9D}"
EndProject
Project("{2150E333-8FDC-42A3-9474-1A3956D46DE8}") = "Extensions", "Extensions", "{B2DA607D-4A39-4F0C-A9B3-DD9A061B0B4E}"
EndProject
Project("{2150E333-8FDC-42A3-9474-1A3956D46DE8}") = "Models", "Models", "{9EA04A94-80C6-4352-8758-F4B65691AE4A}"
EndProject
Project("{2150E333-8FDC-42A3-9474-1A3956D46DE8}") = "Data", "Data", "{F844C2A1-C36D-400E-A0D8-7658EF9C3B93}"
EndProject
Project("{2150E333-8FDC-42A3-9474-1A3956D46DE8}") = "test", "test", "{4F908878-0EB8-43E4-96E4-8B1F32E9B635}"
EndProject
Project("{2150E333-8FDC-42A3-9474-1A3956D46DE8}") = "Caller", "Caller", "{72E67141-9CD8-48A9-B27B-F0C924FD4A12}"
EndProject
Project("{2150E333-8FDC-42A3-9474-1A3956D46DE8}") = "Security", "Security", "{4FB3BD6D-D4C1-4BEF-AD62-8FD6EAEEB4DF}"
EndProject
Project("{2150E333-8FDC-42A3-9474-1A3956D46DE8}") = "Development", "Development", "{598A7DA7-898E-429B-992A-B0E586DADA35}"
EndProject
Project("{9A19103F-16F7-4668-BE54-9A1E7A4F7556}") = "Masa.Utils.Caching.Core", "src\Caching\Masa.Utils.Caching.Core\Masa.Utils.Caching.Core.csproj", "{91A68564-07EA-439D-BED3-EFC068A159D0}"
EndProject
Project("{9A19103F-16F7-4668-BE54-9A1E7A4F7556}") = "Masa.Utils.Caching.DistributedMemory", "src\Caching\Masa.Utils.Caching.DistributedMemory\Masa.Utils.Caching.DistributedMemory.csproj", "{9E3EE563-9DB0-4DCE-A844-CEFC5C7D1D56}"
EndProject
Project("{9A19103F-16F7-4668-BE54-9A1E7A4F7556}") = "Masa.Utils.Caching.Memory", "src\Caching\Masa.Utils.Caching.Memory\Masa.Utils.Caching.Memory.csproj", "{F75C5658-C7EB-4922-833F-9052D9723487}"
EndProject
Project("{9A19103F-16F7-4668-BE54-9A1E7A4F7556}") = "Masa.Utils.Caching.Redis", "src\Caching\Masa.Utils.Caching.Redis\Masa.Utils.Caching.Redis.csproj", "{246AA228-57AC-40B4-9BE1-EC75B8C3FC10}"
EndProject
Project("{9A19103F-16F7-4668-BE54-9A1E7A4F7556}") = "Masa.Utils.Caller.Core", "src\Caller\Masa.Utils.Caller.Core\Masa.Utils.Caller.Core.csproj", "{AE2109F8-6772-41A8-88C3-8E603BA29144}"
EndProject
Project("{9A19103F-16F7-4668-BE54-9A1E7A4F7556}") = "Masa.Utils.Caller.DaprClient", "src\Caller\Masa.Utils.Caller.DaprClient\Masa.Utils.Caller.DaprClient.csproj", "{A489F659-7925-475E-A82E-EFEE846C24C8}"
EndProject
Project("{9A19103F-16F7-4668-BE54-9A1E7A4F7556}") = "Masa.Utils.Caller.HttpClient", "src\Caller\Masa.Utils.Caller.HttpClient\Masa.Utils.Caller.HttpClient.csproj", "{ACE02BC6-04E9-48F5-BF1A-C5591366F72A}"
EndProject
Project("{9A19103F-16F7-4668-BE54-9A1E7A4F7556}") = "Masa.Utils.Configuration.Dcc", "src\Configuration\Masa.Utils.Configuration.Dcc\Masa.Utils.Configuration.Dcc.csproj", "{31A832FC-2AC6-4540-A659-1DCFF7882102}"
EndProject
Project("{9A19103F-16F7-4668-BE54-9A1E7A4F7556}") = "Masa.Utils.Configuration.Json", "src\Configuration\Masa.Utils.Configuration.Json\Masa.Utils.Configuration.Json.csproj", "{4C9A3FE2-7958-4DEE-A478-7DE5B99A77C4}"
EndProject
Project("{9A19103F-16F7-4668-BE54-9A1E7A4F7556}") = "Masa.Utils.Data.DataAnnotations", "src\Data\Masa.Utils.Data.DataAnnotations\Masa.Utils.Data.DataAnnotations.csproj", "{AAC6E291-48D8-41AD-99C0-5B085EB88F81}"
EndProject
Project("{9A19103F-16F7-4668-BE54-9A1E7A4F7556}") = "Masa.Utils.Data.Elasticsearch", "src\Data\Masa.Utils.Data.Elasticsearch\Masa.Utils.Data.Elasticsearch.csproj", "{306184FE-65BE-4763-A86E-D84BBB8CFDDF}"
EndProject
Project("{9A19103F-16F7-4668-BE54-9A1E7A4F7556}") = "Masa.Utils.Development.Dapr", "src\Development\Masa.Utils.Development.Dapr\Masa.Utils.Development.Dapr.csproj", "{14FDF393-49F1-4D41-9EC0-FF493BDDE376}"
EndProject
Project("{9A19103F-16F7-4668-BE54-9A1E7A4F7556}") = "Masa.Utils.Development.Dapr.AspNetCore", "src\Development\Masa.Utils.Development.Dapr.AspNetCore\Masa.Utils.Development.Dapr.AspNetCore.csproj", "{BA28042B-25C1-4361-A836-5710BF271EEF}"
EndProject
Project("{9A19103F-16F7-4668-BE54-9A1E7A4F7556}") = "Masa.Utils.Extensions.Enums", "src\Extensions\Masa.Utils.Extensions.Enums\Masa.Utils.Extensions.Enums.csproj", "{56E7A4C7-5AF3-4DD1-A6AA-E713CA1C19D6}"
EndProject
Project("{9A19103F-16F7-4668-BE54-9A1E7A4F7556}") = "Masa.Utils.Extensions.Expressions", "src\Extensions\Masa.Utils.Extensions.Expressions\Masa.Utils.Extensions.Expressions.csproj", "{22FB9445-2337-43F7-AEFB-6E349619CBB1}"
EndProject
Project("{9A19103F-16F7-4668-BE54-9A1E7A4F7556}") = "Masa.Utils.Extensions.DependencyInjection", "src\Extensions\Masa.Utils.Extensions.DependencyInjection\Masa.Utils.Extensions.DependencyInjection.csproj", "{6CC1E189-9249-44BB-B0C9-E13D173E85CE}"
EndProject
Project("{9A19103F-16F7-4668-BE54-9A1E7A4F7556}") = "Masa.Utils.Extensions.DotNet", "src\Extensions\Masa.Utils.Extensions.DotNet\Masa.Utils.Extensions.DotNet.csproj", "{3244CF56-A19C-4A5B-B479-79DA704BDBB2}"
EndProject
Project("{9A19103F-16F7-4668-BE54-9A1E7A4F7556}") = "Masa.Utils.Exceptions", "src\Masa.Utils.Exceptions\Masa.Utils.Exceptions.csproj", "{8D573300-4173-41CA-A4C8-BAA49A89B4F8}"
EndProject
Project("{9A19103F-16F7-4668-BE54-9A1E7A4F7556}") = "Masa.Utils.Models.Config", "src\Models\Masa.Utils.Models.Config\Masa.Utils.Models.Config.csproj", "{333E1D7C-780F-4917-A823-8B369F1D278C}"
EndProject
Project("{9A19103F-16F7-4668-BE54-9A1E7A4F7556}") = "Masa.Utils.Security.Authentication", "src\Security\Masa.Utils.Security.Authentication\Masa.Utils.Security.Authentication.csproj", "{83F7EFDA-EF08-4931-82FA-A1A0EEE162A9}"
EndProject
Project("{9A19103F-16F7-4668-BE54-9A1E7A4F7556}") = "Masa.Utils.Security.Cryptography", "src\Security\Masa.Utils.Security.Cryptography\Masa.Utils.Security.Cryptography.csproj", "{C9D66303-AE01-4D8C-A69E-82B620007EBD}"
EndProject
Project("{9A19103F-16F7-4668-BE54-9A1E7A4F7556}") = "Masa.Utils.Security.Token", "src\Security\Masa.Utils.Security.Token\Masa.Utils.Security.Token.csproj", "{4A3B1928-5014-4D81-BB83-FDCD0652D067}"
EndProject
Project("{9A19103F-16F7-4668-BE54-9A1E7A4F7556}") = "Masa.Utils.Data.DataAnnotations.Tests", "test\Masa.Utils.Data.DataAnnotations.Tests\Masa.Utils.Data.DataAnnotations.Tests.csproj", "{52B3A8FE-A553-4D65-8660-447F120616AB}"
EndProject
Project("{9A19103F-16F7-4668-BE54-9A1E7A4F7556}") = "Masa.Utils.Security.Cryptography.Tests", "test\Masa.Utils.Security.Cryptography.Tests\Masa.Utils.Security.Cryptography.Tests.csproj", "{1A8FBE3D-B004-4D25-8FE0-A3632A0FDE9E}"
EndProject
Project("{9A19103F-16F7-4668-BE54-9A1E7A4F7556}") = "Masa.Utils.Caller.Core.Tests", "test\Masa.Utils.Caller.Core.Tests\Masa.Utils.Caller.Core.Tests.csproj", "{4B351F95-5919-46A9-A02F-F4409C9EA79A}"
EndProject
Project("{9A19103F-16F7-4668-BE54-9A1E7A4F7556}") = "Masa.Utils.Caller.IntegratedTests", "test\Masa.Utils.Caller.IntegratedTests\Masa.Utils.Caller.IntegratedTests.csproj", "{D5E09920-081B-478C-B77B-EAB77931F47D}"
EndProject
Project("{9A19103F-16F7-4668-BE54-9A1E7A4F7556}") = "Masa.Utils.Caller.Tests", "test\Masa.Utils.Caller.Tests\Masa.Utils.Caller.Tests.csproj", "{276B4CDC-BD8F-4563-A82A-B46724C9F4B0}"
EndProject
Project("{2150E333-8FDC-42A3-9474-1A3956D46DE8}") = "Ldap", "Ldap", "{59124A98-14AF-4201-87D7-6DC9C92D9849}"
EndProject
Project("{9A19103F-16F7-4668-BE54-9A1E7A4F7556}") = "Masa.Utils.Ldap.Novell", "src\Ldap\Masa.Utils.Ldap.Novell\Masa.Utils.Ldap.Novell.csproj", "{E62E5E11-7119-4782-BCF4-A5913F4048FE}"
EndProject
Project("{9A19103F-16F7-4668-BE54-9A1E7A4F7556}") = "Masa.Utils.Ldap.Novell.Tests", "test\Masa.Utils.Ldap.Tests\Masa.Utils.Ldap.Novell.Tests\Masa.Utils.Ldap.Novell.Tests.csproj", "{F6242694-66A5-4E59-9ECD-510D3D81C8C6}"
EndProject
Project("{9A19103F-16F7-4668-BE54-9A1E7A4F7556}") = "Masa.Utils.Data.Elasticsearch.Tests", "test\Masa.Utils.Data.Elasticsearch.Tests\Masa.Utils.Data.Elasticsearch.Tests.csproj", "{EF08AB1B-50DE-4D26-BCCF-48DDE2A8E2CB}"
EndProject
Project("{9A19103F-16F7-4668-BE54-9A1E7A4F7556}") = "Masa.Utils.Caching.Redis.Tests", "test\Masa.Utils.Caching.Redis.Tests\Masa.Utils.Caching.Redis.Tests.csproj", "{B063C9CC-868A-4474-8DCD-1708A65D4F2A}"
EndProject
Project("{9A19103F-16F7-4668-BE54-9A1E7A4F7556}") = "Masa.Utils.Extensions.DependencyInjection.Tests", "test\Masa.Utils.Extensions.DependencyInjection.Tests\Masa.Utils.Extensions.DependencyInjection.Tests.csproj", "{20960ED7-76FC-4DBD-8358-1A424D1E0DC1}"
EndProject
Project("{9A19103F-16F7-4668-BE54-9A1E7A4F7556}") = "Masa.Utils.Extensions.DependencyInjection.Repository.Tests", "test\Masa.Utils.Extensions.DependencyInjection.Repository.Tests\Masa.Utils.Extensions.DependencyInjection.Repository.Tests.csproj", "{22643BF8-A5ED-48CA-BD1A-10BFEC075DBE}"
EndProject
Project("{2150E333-8FDC-42A3-9474-1A3956D46DE8}") = "Validations", "Validations", "{533BCE80-61BC-443A-95D3-2C6328921ED8}"
EndProject
Project("{9A19103F-16F7-4668-BE54-9A1E7A4F7556}") = "Masa.Utils.Extensions.Validations.FluentValidation", "src\Extensions\Validations\Masa.Utils.Extensions.Validations.FluentValidation\Masa.Utils.Extensions.Validations.FluentValidation.csproj", "{B0E3CA19-C101-4E30-9401-C017B7088F4E}"
EndProject
Project("{9A19103F-16F7-4668-BE54-9A1E7A4F7556}") = "Masa.Utils.Security.Authentication.OpenIdConnect", "src\Security\Masa.Utils.Security.Authentication.OpenIdConnect\Masa.Utils.Security.Authentication.OpenIdConnect.csproj", "{D17B5B36-5773-4827-9D5D-44390DF666CA}"
EndProject
Project("{9A19103F-16F7-4668-BE54-9A1E7A4F7556}") = "Masa.Utils.Data.Prometheus", "src\Data\Masa.Utils.Data.Prometheus\Masa.Utils.Data.Prometheus.csproj", "{81E8A8F5-91EA-43F2-9B19-83B85EED7DB7}"
EndProject
Project("{9A19103F-16F7-4668-BE54-9A1E7A4F7556}") = "Masa.Utils.Data.Prometheus.Test", "test\Masa.Utils.Data.Prometheus.Test\Masa.Utils.Data.Prometheus.Test.csproj", "{CAB4132B-82E4-4B37-AF05-7F446DE3AF04}"
EndProject
Global
	GlobalSection(SolutionConfigurationPlatforms) = preSolution
		Debug|Any CPU = Debug|Any CPU
		Release|Any CPU = Release|Any CPU
	EndGlobalSection
	GlobalSection(ProjectConfigurationPlatforms) = postSolution
		{91A68564-07EA-439D-BED3-EFC068A159D0}.Debug|Any CPU.ActiveCfg = Debug|Any CPU
		{91A68564-07EA-439D-BED3-EFC068A159D0}.Debug|Any CPU.Build.0 = Debug|Any CPU
		{91A68564-07EA-439D-BED3-EFC068A159D0}.Release|Any CPU.ActiveCfg = Release|Any CPU
		{91A68564-07EA-439D-BED3-EFC068A159D0}.Release|Any CPU.Build.0 = Release|Any CPU
		{9E3EE563-9DB0-4DCE-A844-CEFC5C7D1D56}.Debug|Any CPU.ActiveCfg = Debug|Any CPU
		{9E3EE563-9DB0-4DCE-A844-CEFC5C7D1D56}.Debug|Any CPU.Build.0 = Debug|Any CPU
		{9E3EE563-9DB0-4DCE-A844-CEFC5C7D1D56}.Release|Any CPU.ActiveCfg = Release|Any CPU
		{9E3EE563-9DB0-4DCE-A844-CEFC5C7D1D56}.Release|Any CPU.Build.0 = Release|Any CPU
		{F75C5658-C7EB-4922-833F-9052D9723487}.Debug|Any CPU.ActiveCfg = Debug|Any CPU
		{F75C5658-C7EB-4922-833F-9052D9723487}.Debug|Any CPU.Build.0 = Debug|Any CPU
		{F75C5658-C7EB-4922-833F-9052D9723487}.Release|Any CPU.ActiveCfg = Release|Any CPU
		{F75C5658-C7EB-4922-833F-9052D9723487}.Release|Any CPU.Build.0 = Release|Any CPU
		{246AA228-57AC-40B4-9BE1-EC75B8C3FC10}.Debug|Any CPU.ActiveCfg = Debug|Any CPU
		{246AA228-57AC-40B4-9BE1-EC75B8C3FC10}.Debug|Any CPU.Build.0 = Debug|Any CPU
		{246AA228-57AC-40B4-9BE1-EC75B8C3FC10}.Release|Any CPU.ActiveCfg = Release|Any CPU
		{246AA228-57AC-40B4-9BE1-EC75B8C3FC10}.Release|Any CPU.Build.0 = Release|Any CPU
		{AE2109F8-6772-41A8-88C3-8E603BA29144}.Debug|Any CPU.ActiveCfg = Debug|Any CPU
		{AE2109F8-6772-41A8-88C3-8E603BA29144}.Debug|Any CPU.Build.0 = Debug|Any CPU
		{AE2109F8-6772-41A8-88C3-8E603BA29144}.Release|Any CPU.ActiveCfg = Release|Any CPU
		{AE2109F8-6772-41A8-88C3-8E603BA29144}.Release|Any CPU.Build.0 = Release|Any CPU
		{A489F659-7925-475E-A82E-EFEE846C24C8}.Debug|Any CPU.ActiveCfg = Debug|Any CPU
		{A489F659-7925-475E-A82E-EFEE846C24C8}.Debug|Any CPU.Build.0 = Debug|Any CPU
		{A489F659-7925-475E-A82E-EFEE846C24C8}.Release|Any CPU.ActiveCfg = Release|Any CPU
		{A489F659-7925-475E-A82E-EFEE846C24C8}.Release|Any CPU.Build.0 = Release|Any CPU
		{ACE02BC6-04E9-48F5-BF1A-C5591366F72A}.Debug|Any CPU.ActiveCfg = Debug|Any CPU
		{ACE02BC6-04E9-48F5-BF1A-C5591366F72A}.Debug|Any CPU.Build.0 = Debug|Any CPU
		{ACE02BC6-04E9-48F5-BF1A-C5591366F72A}.Release|Any CPU.ActiveCfg = Release|Any CPU
		{ACE02BC6-04E9-48F5-BF1A-C5591366F72A}.Release|Any CPU.Build.0 = Release|Any CPU
		{31A832FC-2AC6-4540-A659-1DCFF7882102}.Debug|Any CPU.ActiveCfg = Debug|Any CPU
		{31A832FC-2AC6-4540-A659-1DCFF7882102}.Debug|Any CPU.Build.0 = Debug|Any CPU
		{31A832FC-2AC6-4540-A659-1DCFF7882102}.Release|Any CPU.ActiveCfg = Release|Any CPU
		{31A832FC-2AC6-4540-A659-1DCFF7882102}.Release|Any CPU.Build.0 = Release|Any CPU
		{4C9A3FE2-7958-4DEE-A478-7DE5B99A77C4}.Debug|Any CPU.ActiveCfg = Debug|Any CPU
		{4C9A3FE2-7958-4DEE-A478-7DE5B99A77C4}.Debug|Any CPU.Build.0 = Debug|Any CPU
		{4C9A3FE2-7958-4DEE-A478-7DE5B99A77C4}.Release|Any CPU.ActiveCfg = Release|Any CPU
		{4C9A3FE2-7958-4DEE-A478-7DE5B99A77C4}.Release|Any CPU.Build.0 = Release|Any CPU
		{AAC6E291-48D8-41AD-99C0-5B085EB88F81}.Debug|Any CPU.ActiveCfg = Debug|Any CPU
		{AAC6E291-48D8-41AD-99C0-5B085EB88F81}.Debug|Any CPU.Build.0 = Debug|Any CPU
		{AAC6E291-48D8-41AD-99C0-5B085EB88F81}.Release|Any CPU.ActiveCfg = Release|Any CPU
		{AAC6E291-48D8-41AD-99C0-5B085EB88F81}.Release|Any CPU.Build.0 = Release|Any CPU
		{306184FE-65BE-4763-A86E-D84BBB8CFDDF}.Debug|Any CPU.ActiveCfg = Debug|Any CPU
		{306184FE-65BE-4763-A86E-D84BBB8CFDDF}.Debug|Any CPU.Build.0 = Debug|Any CPU
		{306184FE-65BE-4763-A86E-D84BBB8CFDDF}.Release|Any CPU.ActiveCfg = Release|Any CPU
		{306184FE-65BE-4763-A86E-D84BBB8CFDDF}.Release|Any CPU.Build.0 = Release|Any CPU
		{14FDF393-49F1-4D41-9EC0-FF493BDDE376}.Debug|Any CPU.ActiveCfg = Debug|Any CPU
		{14FDF393-49F1-4D41-9EC0-FF493BDDE376}.Debug|Any CPU.Build.0 = Debug|Any CPU
		{14FDF393-49F1-4D41-9EC0-FF493BDDE376}.Release|Any CPU.ActiveCfg = Release|Any CPU
		{14FDF393-49F1-4D41-9EC0-FF493BDDE376}.Release|Any CPU.Build.0 = Release|Any CPU
		{BA28042B-25C1-4361-A836-5710BF271EEF}.Debug|Any CPU.ActiveCfg = Debug|Any CPU
		{BA28042B-25C1-4361-A836-5710BF271EEF}.Debug|Any CPU.Build.0 = Debug|Any CPU
		{BA28042B-25C1-4361-A836-5710BF271EEF}.Release|Any CPU.ActiveCfg = Release|Any CPU
		{BA28042B-25C1-4361-A836-5710BF271EEF}.Release|Any CPU.Build.0 = Release|Any CPU
		{56E7A4C7-5AF3-4DD1-A6AA-E713CA1C19D6}.Debug|Any CPU.ActiveCfg = Debug|Any CPU
		{56E7A4C7-5AF3-4DD1-A6AA-E713CA1C19D6}.Debug|Any CPU.Build.0 = Debug|Any CPU
		{56E7A4C7-5AF3-4DD1-A6AA-E713CA1C19D6}.Release|Any CPU.ActiveCfg = Release|Any CPU
		{56E7A4C7-5AF3-4DD1-A6AA-E713CA1C19D6}.Release|Any CPU.Build.0 = Release|Any CPU
		{22FB9445-2337-43F7-AEFB-6E349619CBB1}.Debug|Any CPU.ActiveCfg = Debug|Any CPU
		{22FB9445-2337-43F7-AEFB-6E349619CBB1}.Debug|Any CPU.Build.0 = Debug|Any CPU
		{22FB9445-2337-43F7-AEFB-6E349619CBB1}.Release|Any CPU.ActiveCfg = Release|Any CPU
		{22FB9445-2337-43F7-AEFB-6E349619CBB1}.Release|Any CPU.Build.0 = Release|Any CPU
		{6CC1E189-9249-44BB-B0C9-E13D173E85CE}.Debug|Any CPU.ActiveCfg = Debug|Any CPU
		{6CC1E189-9249-44BB-B0C9-E13D173E85CE}.Debug|Any CPU.Build.0 = Debug|Any CPU
		{6CC1E189-9249-44BB-B0C9-E13D173E85CE}.Release|Any CPU.ActiveCfg = Release|Any CPU
		{6CC1E189-9249-44BB-B0C9-E13D173E85CE}.Release|Any CPU.Build.0 = Release|Any CPU
		{3244CF56-A19C-4A5B-B479-79DA704BDBB2}.Debug|Any CPU.ActiveCfg = Debug|Any CPU
		{3244CF56-A19C-4A5B-B479-79DA704BDBB2}.Debug|Any CPU.Build.0 = Debug|Any CPU
		{3244CF56-A19C-4A5B-B479-79DA704BDBB2}.Release|Any CPU.ActiveCfg = Release|Any CPU
		{3244CF56-A19C-4A5B-B479-79DA704BDBB2}.Release|Any CPU.Build.0 = Release|Any CPU
		{8D573300-4173-41CA-A4C8-BAA49A89B4F8}.Debug|Any CPU.ActiveCfg = Debug|Any CPU
		{8D573300-4173-41CA-A4C8-BAA49A89B4F8}.Debug|Any CPU.Build.0 = Debug|Any CPU
		{8D573300-4173-41CA-A4C8-BAA49A89B4F8}.Release|Any CPU.ActiveCfg = Release|Any CPU
		{8D573300-4173-41CA-A4C8-BAA49A89B4F8}.Release|Any CPU.Build.0 = Release|Any CPU
		{333E1D7C-780F-4917-A823-8B369F1D278C}.Debug|Any CPU.ActiveCfg = Debug|Any CPU
		{333E1D7C-780F-4917-A823-8B369F1D278C}.Debug|Any CPU.Build.0 = Debug|Any CPU
		{333E1D7C-780F-4917-A823-8B369F1D278C}.Release|Any CPU.ActiveCfg = Release|Any CPU
		{333E1D7C-780F-4917-A823-8B369F1D278C}.Release|Any CPU.Build.0 = Release|Any CPU
		{83F7EFDA-EF08-4931-82FA-A1A0EEE162A9}.Debug|Any CPU.ActiveCfg = Debug|Any CPU
		{83F7EFDA-EF08-4931-82FA-A1A0EEE162A9}.Debug|Any CPU.Build.0 = Debug|Any CPU
		{83F7EFDA-EF08-4931-82FA-A1A0EEE162A9}.Release|Any CPU.ActiveCfg = Release|Any CPU
		{83F7EFDA-EF08-4931-82FA-A1A0EEE162A9}.Release|Any CPU.Build.0 = Release|Any CPU
		{C9D66303-AE01-4D8C-A69E-82B620007EBD}.Debug|Any CPU.ActiveCfg = Debug|Any CPU
		{C9D66303-AE01-4D8C-A69E-82B620007EBD}.Debug|Any CPU.Build.0 = Debug|Any CPU
		{C9D66303-AE01-4D8C-A69E-82B620007EBD}.Release|Any CPU.ActiveCfg = Release|Any CPU
		{C9D66303-AE01-4D8C-A69E-82B620007EBD}.Release|Any CPU.Build.0 = Release|Any CPU
		{4A3B1928-5014-4D81-BB83-FDCD0652D067}.Debug|Any CPU.ActiveCfg = Debug|Any CPU
		{4A3B1928-5014-4D81-BB83-FDCD0652D067}.Debug|Any CPU.Build.0 = Debug|Any CPU
		{4A3B1928-5014-4D81-BB83-FDCD0652D067}.Release|Any CPU.ActiveCfg = Release|Any CPU
		{4A3B1928-5014-4D81-BB83-FDCD0652D067}.Release|Any CPU.Build.0 = Release|Any CPU
		{52B3A8FE-A553-4D65-8660-447F120616AB}.Debug|Any CPU.ActiveCfg = Debug|Any CPU
		{52B3A8FE-A553-4D65-8660-447F120616AB}.Debug|Any CPU.Build.0 = Debug|Any CPU
		{52B3A8FE-A553-4D65-8660-447F120616AB}.Release|Any CPU.ActiveCfg = Release|Any CPU
		{52B3A8FE-A553-4D65-8660-447F120616AB}.Release|Any CPU.Build.0 = Release|Any CPU
		{1A8FBE3D-B004-4D25-8FE0-A3632A0FDE9E}.Debug|Any CPU.ActiveCfg = Debug|Any CPU
		{1A8FBE3D-B004-4D25-8FE0-A3632A0FDE9E}.Debug|Any CPU.Build.0 = Debug|Any CPU
		{1A8FBE3D-B004-4D25-8FE0-A3632A0FDE9E}.Release|Any CPU.ActiveCfg = Release|Any CPU
		{1A8FBE3D-B004-4D25-8FE0-A3632A0FDE9E}.Release|Any CPU.Build.0 = Release|Any CPU
		{4B351F95-5919-46A9-A02F-F4409C9EA79A}.Debug|Any CPU.ActiveCfg = Debug|Any CPU
		{4B351F95-5919-46A9-A02F-F4409C9EA79A}.Debug|Any CPU.Build.0 = Debug|Any CPU
		{4B351F95-5919-46A9-A02F-F4409C9EA79A}.Release|Any CPU.ActiveCfg = Release|Any CPU
		{4B351F95-5919-46A9-A02F-F4409C9EA79A}.Release|Any CPU.Build.0 = Release|Any CPU
		{D5E09920-081B-478C-B77B-EAB77931F47D}.Debug|Any CPU.ActiveCfg = Debug|Any CPU
		{D5E09920-081B-478C-B77B-EAB77931F47D}.Debug|Any CPU.Build.0 = Debug|Any CPU
		{D5E09920-081B-478C-B77B-EAB77931F47D}.Release|Any CPU.ActiveCfg = Release|Any CPU
		{D5E09920-081B-478C-B77B-EAB77931F47D}.Release|Any CPU.Build.0 = Release|Any CPU
		{276B4CDC-BD8F-4563-A82A-B46724C9F4B0}.Debug|Any CPU.ActiveCfg = Debug|Any CPU
		{276B4CDC-BD8F-4563-A82A-B46724C9F4B0}.Debug|Any CPU.Build.0 = Debug|Any CPU
		{276B4CDC-BD8F-4563-A82A-B46724C9F4B0}.Release|Any CPU.ActiveCfg = Release|Any CPU
		{276B4CDC-BD8F-4563-A82A-B46724C9F4B0}.Release|Any CPU.Build.0 = Release|Any CPU
		{E62E5E11-7119-4782-BCF4-A5913F4048FE}.Debug|Any CPU.ActiveCfg = Debug|Any CPU
		{E62E5E11-7119-4782-BCF4-A5913F4048FE}.Debug|Any CPU.Build.0 = Debug|Any CPU
		{E62E5E11-7119-4782-BCF4-A5913F4048FE}.Release|Any CPU.ActiveCfg = Release|Any CPU
		{E62E5E11-7119-4782-BCF4-A5913F4048FE}.Release|Any CPU.Build.0 = Release|Any CPU
		{F6242694-66A5-4E59-9ECD-510D3D81C8C6}.Debug|Any CPU.ActiveCfg = Debug|Any CPU
		{F6242694-66A5-4E59-9ECD-510D3D81C8C6}.Debug|Any CPU.Build.0 = Debug|Any CPU
		{F6242694-66A5-4E59-9ECD-510D3D81C8C6}.Release|Any CPU.ActiveCfg = Release|Any CPU
		{F6242694-66A5-4E59-9ECD-510D3D81C8C6}.Release|Any CPU.Build.0 = Release|Any CPU
		{EF08AB1B-50DE-4D26-BCCF-48DDE2A8E2CB}.Debug|Any CPU.ActiveCfg = Debug|Any CPU
		{EF08AB1B-50DE-4D26-BCCF-48DDE2A8E2CB}.Debug|Any CPU.Build.0 = Debug|Any CPU
		{EF08AB1B-50DE-4D26-BCCF-48DDE2A8E2CB}.Release|Any CPU.ActiveCfg = Release|Any CPU
		{EF08AB1B-50DE-4D26-BCCF-48DDE2A8E2CB}.Release|Any CPU.Build.0 = Release|Any CPU
		{B063C9CC-868A-4474-8DCD-1708A65D4F2A}.Debug|Any CPU.ActiveCfg = Debug|Any CPU
		{B063C9CC-868A-4474-8DCD-1708A65D4F2A}.Debug|Any CPU.Build.0 = Debug|Any CPU
		{B063C9CC-868A-4474-8DCD-1708A65D4F2A}.Release|Any CPU.ActiveCfg = Release|Any CPU
		{B063C9CC-868A-4474-8DCD-1708A65D4F2A}.Release|Any CPU.Build.0 = Release|Any CPU
		{20960ED7-76FC-4DBD-8358-1A424D1E0DC1}.Debug|Any CPU.ActiveCfg = Debug|Any CPU
		{20960ED7-76FC-4DBD-8358-1A424D1E0DC1}.Debug|Any CPU.Build.0 = Debug|Any CPU
		{20960ED7-76FC-4DBD-8358-1A424D1E0DC1}.Release|Any CPU.ActiveCfg = Release|Any CPU
		{20960ED7-76FC-4DBD-8358-1A424D1E0DC1}.Release|Any CPU.Build.0 = Release|Any CPU
		{22643BF8-A5ED-48CA-BD1A-10BFEC075DBE}.Debug|Any CPU.ActiveCfg = Debug|Any CPU
		{22643BF8-A5ED-48CA-BD1A-10BFEC075DBE}.Debug|Any CPU.Build.0 = Debug|Any CPU
		{22643BF8-A5ED-48CA-BD1A-10BFEC075DBE}.Release|Any CPU.ActiveCfg = Release|Any CPU
		{22643BF8-A5ED-48CA-BD1A-10BFEC075DBE}.Release|Any CPU.Build.0 = Release|Any CPU
		{B0E3CA19-C101-4E30-9401-C017B7088F4E}.Debug|Any CPU.ActiveCfg = Debug|Any CPU
		{B0E3CA19-C101-4E30-9401-C017B7088F4E}.Debug|Any CPU.Build.0 = Debug|Any CPU
		{B0E3CA19-C101-4E30-9401-C017B7088F4E}.Release|Any CPU.ActiveCfg = Release|Any CPU
		{B0E3CA19-C101-4E30-9401-C017B7088F4E}.Release|Any CPU.Build.0 = Release|Any CPU
		{D17B5B36-5773-4827-9D5D-44390DF666CA}.Debug|Any CPU.ActiveCfg = Debug|Any CPU
		{D17B5B36-5773-4827-9D5D-44390DF666CA}.Debug|Any CPU.Build.0 = Debug|Any CPU
		{D17B5B36-5773-4827-9D5D-44390DF666CA}.Release|Any CPU.ActiveCfg = Release|Any CPU
		{D17B5B36-5773-4827-9D5D-44390DF666CA}.Release|Any CPU.Build.0 = Release|Any CPU
		{81E8A8F5-91EA-43F2-9B19-83B85EED7DB7}.Debug|Any CPU.ActiveCfg = Debug|Any CPU
		{81E8A8F5-91EA-43F2-9B19-83B85EED7DB7}.Debug|Any CPU.Build.0 = Debug|Any CPU
		{81E8A8F5-91EA-43F2-9B19-83B85EED7DB7}.Release|Any CPU.ActiveCfg = Release|Any CPU
		{81E8A8F5-91EA-43F2-9B19-83B85EED7DB7}.Release|Any CPU.Build.0 = Release|Any CPU
		{CAB4132B-82E4-4B37-AF05-7F446DE3AF04}.Debug|Any CPU.ActiveCfg = Debug|Any CPU
		{CAB4132B-82E4-4B37-AF05-7F446DE3AF04}.Debug|Any CPU.Build.0 = Debug|Any CPU
		{CAB4132B-82E4-4B37-AF05-7F446DE3AF04}.Release|Any CPU.ActiveCfg = Release|Any CPU
		{CAB4132B-82E4-4B37-AF05-7F446DE3AF04}.Release|Any CPU.Build.0 = Release|Any CPU
	EndGlobalSection
	GlobalSection(SolutionProperties) = preSolution
		HideSolutionNode = FALSE
	EndGlobalSection
	GlobalSection(NestedProjects) = preSolution
		{AC4B880D-01C6-4D9C-AE55-21A1A0E5E3DB} = {D956582F-4071-47E6-A8E7-4C5A83770045}
		{A7C058C9-B4A3-472A-A82B-FC4A0A12AC9D} = {D956582F-4071-47E6-A8E7-4C5A83770045}
		{B2DA607D-4A39-4F0C-A9B3-DD9A061B0B4E} = {D956582F-4071-47E6-A8E7-4C5A83770045}
		{9EA04A94-80C6-4352-8758-F4B65691AE4A} = {D956582F-4071-47E6-A8E7-4C5A83770045}
		{F844C2A1-C36D-400E-A0D8-7658EF9C3B93} = {D956582F-4071-47E6-A8E7-4C5A83770045}
		{72E67141-9CD8-48A9-B27B-F0C924FD4A12} = {D956582F-4071-47E6-A8E7-4C5A83770045}
		{4FB3BD6D-D4C1-4BEF-AD62-8FD6EAEEB4DF} = {D956582F-4071-47E6-A8E7-4C5A83770045}
		{598A7DA7-898E-429B-992A-B0E586DADA35} = {D956582F-4071-47E6-A8E7-4C5A83770045}
		{91A68564-07EA-439D-BED3-EFC068A159D0} = {A7C058C9-B4A3-472A-A82B-FC4A0A12AC9D}
		{9E3EE563-9DB0-4DCE-A844-CEFC5C7D1D56} = {A7C058C9-B4A3-472A-A82B-FC4A0A12AC9D}
		{F75C5658-C7EB-4922-833F-9052D9723487} = {A7C058C9-B4A3-472A-A82B-FC4A0A12AC9D}
		{246AA228-57AC-40B4-9BE1-EC75B8C3FC10} = {A7C058C9-B4A3-472A-A82B-FC4A0A12AC9D}
		{AE2109F8-6772-41A8-88C3-8E603BA29144} = {72E67141-9CD8-48A9-B27B-F0C924FD4A12}
		{A489F659-7925-475E-A82E-EFEE846C24C8} = {72E67141-9CD8-48A9-B27B-F0C924FD4A12}
		{ACE02BC6-04E9-48F5-BF1A-C5591366F72A} = {72E67141-9CD8-48A9-B27B-F0C924FD4A12}
		{31A832FC-2AC6-4540-A659-1DCFF7882102} = {AC4B880D-01C6-4D9C-AE55-21A1A0E5E3DB}
		{4C9A3FE2-7958-4DEE-A478-7DE5B99A77C4} = {AC4B880D-01C6-4D9C-AE55-21A1A0E5E3DB}
		{AAC6E291-48D8-41AD-99C0-5B085EB88F81} = {F844C2A1-C36D-400E-A0D8-7658EF9C3B93}
		{306184FE-65BE-4763-A86E-D84BBB8CFDDF} = {F844C2A1-C36D-400E-A0D8-7658EF9C3B93}
		{14FDF393-49F1-4D41-9EC0-FF493BDDE376} = {598A7DA7-898E-429B-992A-B0E586DADA35}
		{BA28042B-25C1-4361-A836-5710BF271EEF} = {598A7DA7-898E-429B-992A-B0E586DADA35}
		{56E7A4C7-5AF3-4DD1-A6AA-E713CA1C19D6} = {B2DA607D-4A39-4F0C-A9B3-DD9A061B0B4E}
		{22FB9445-2337-43F7-AEFB-6E349619CBB1} = {B2DA607D-4A39-4F0C-A9B3-DD9A061B0B4E}
		{6CC1E189-9249-44BB-B0C9-E13D173E85CE} = {B2DA607D-4A39-4F0C-A9B3-DD9A061B0B4E}
		{3244CF56-A19C-4A5B-B479-79DA704BDBB2} = {B2DA607D-4A39-4F0C-A9B3-DD9A061B0B4E}
		{8D573300-4173-41CA-A4C8-BAA49A89B4F8} = {D956582F-4071-47E6-A8E7-4C5A83770045}
		{333E1D7C-780F-4917-A823-8B369F1D278C} = {9EA04A94-80C6-4352-8758-F4B65691AE4A}
		{83F7EFDA-EF08-4931-82FA-A1A0EEE162A9} = {4FB3BD6D-D4C1-4BEF-AD62-8FD6EAEEB4DF}
		{C9D66303-AE01-4D8C-A69E-82B620007EBD} = {4FB3BD6D-D4C1-4BEF-AD62-8FD6EAEEB4DF}
		{4A3B1928-5014-4D81-BB83-FDCD0652D067} = {4FB3BD6D-D4C1-4BEF-AD62-8FD6EAEEB4DF}
		{52B3A8FE-A553-4D65-8660-447F120616AB} = {4F908878-0EB8-43E4-96E4-8B1F32E9B635}
		{1A8FBE3D-B004-4D25-8FE0-A3632A0FDE9E} = {4F908878-0EB8-43E4-96E4-8B1F32E9B635}
		{4B351F95-5919-46A9-A02F-F4409C9EA79A} = {4F908878-0EB8-43E4-96E4-8B1F32E9B635}
		{D5E09920-081B-478C-B77B-EAB77931F47D} = {4F908878-0EB8-43E4-96E4-8B1F32E9B635}
		{276B4CDC-BD8F-4563-A82A-B46724C9F4B0} = {4F908878-0EB8-43E4-96E4-8B1F32E9B635}
		{59124A98-14AF-4201-87D7-6DC9C92D9849} = {D956582F-4071-47E6-A8E7-4C5A83770045}
		{E62E5E11-7119-4782-BCF4-A5913F4048FE} = {59124A98-14AF-4201-87D7-6DC9C92D9849}
		{F6242694-66A5-4E59-9ECD-510D3D81C8C6} = {4F908878-0EB8-43E4-96E4-8B1F32E9B635}
		{EF08AB1B-50DE-4D26-BCCF-48DDE2A8E2CB} = {4F908878-0EB8-43E4-96E4-8B1F32E9B635}
		{B063C9CC-868A-4474-8DCD-1708A65D4F2A} = {4F908878-0EB8-43E4-96E4-8B1F32E9B635}
		{20960ED7-76FC-4DBD-8358-1A424D1E0DC1} = {4F908878-0EB8-43E4-96E4-8B1F32E9B635}
		{22643BF8-A5ED-48CA-BD1A-10BFEC075DBE} = {4F908878-0EB8-43E4-96E4-8B1F32E9B635}
		{533BCE80-61BC-443A-95D3-2C6328921ED8} = {B2DA607D-4A39-4F0C-A9B3-DD9A061B0B4E}
		{B0E3CA19-C101-4E30-9401-C017B7088F4E} = {533BCE80-61BC-443A-95D3-2C6328921ED8}
		{D17B5B36-5773-4827-9D5D-44390DF666CA} = {4FB3BD6D-D4C1-4BEF-AD62-8FD6EAEEB4DF}
		{81E8A8F5-91EA-43F2-9B19-83B85EED7DB7} = {F844C2A1-C36D-400E-A0D8-7658EF9C3B93}
		{CAB4132B-82E4-4B37-AF05-7F446DE3AF04} = {4F908878-0EB8-43E4-96E4-8B1F32E9B635}
	EndGlobalSection
	GlobalSection(ExtensibilityGlobals) = postSolution
		SolutionGuid = {D7DAA0E6-098F-4B18-8775-64FDA96F1FF0}
	EndGlobalSection
EndGlobal
