
Microsoft Visual Studio Solution File, Format Version 12.00
# Visual Studio Version 17
VisualStudioVersion = 17.0.31903.59
MinimumVisualStudioVersion = 10.0.40219.1
Project("{9A19103F-16F7-4668-BE54-9A1E7A4F7556}") = "Masa.BuildingBlocks.Caching", "BuildingBlocks\Caching\Masa.BuildingBlocks.Caching\Masa.BuildingBlocks.Caching.csproj", "{81AD0225-51B1-4C9F-9066-DD9558CDD92D}"
EndProject
Project("{9A19103F-16F7-4668-BE54-9A1E7A4F7556}") = "Masa.Contrib.Caching.Distributed.StackExchangeRedis", "Contrib\Caching\Distributed\Masa.Contrib.Caching.Distributed.StackExchangeRedis\Masa.Contrib.Caching.Distributed.StackExchangeRedis.csproj", "{90BB9F1C-7725-433C-8810-3FD81E06CAF0}"
EndProject
Project("{9A19103F-16F7-4668-BE54-9A1E7A4F7556}") = "Masa.Contrib.Caching.MultilevelCache", "Contrib\Caching\Masa.Contrib.Caching.MultilevelCache\Masa.Contrib.Caching.MultilevelCache.csproj", "{91244479-2E62-47BA-AE09-8513C3242358}"
EndProject
Global
	GlobalSection(SolutionConfigurationPlatforms) = preSolution
		Debug|Any CPU = Debug|Any CPU
		Release|Any CPU = Release|Any CPU
	EndGlobalSection
	GlobalSection(ProjectConfigurationPlatforms) = postSolution
		{81AD0225-51B1-4C9F-9066-DD9558CDD92D}.Debug|Any CPU.ActiveCfg = Debug|Any CPU
		{81AD0225-51B1-4C9F-9066-DD9558CDD92D}.Debug|Any CPU.Build.0 = Debug|Any CPU
		{81AD0225-51B1-4C9F-9066-DD9558CDD92D}.Release|Any CPU.ActiveCfg = Release|Any CPU
		{81AD0225-51B1-4C9F-9066-DD9558CDD92D}.Release|Any CPU.Build.0 = Release|Any CPU
		{90BB9F1C-7725-433C-8810-3FD81E06CAF0}.Debug|Any CPU.ActiveCfg = Debug|Any CPU
		{90BB9F1C-7725-433C-8810-3FD81E06CAF0}.Debug|Any CPU.Build.0 = Debug|Any CPU
		{90BB9F1C-7725-433C-8810-3FD81E06CAF0}.Release|Any CPU.ActiveCfg = Release|Any CPU
		{90BB9F1C-7725-433C-8810-3FD81E06CAF0}.Release|Any CPU.Build.0 = Release|Any CPU
		{91244479-2E62-47BA-AE09-8513C3242358}.Debug|Any CPU.ActiveCfg = Debug|Any CPU
		{91244479-2E62-47BA-AE09-8513C3242358}.Debug|Any CPU.Build.0 = Debug|Any CPU
		{91244479-2E62-47BA-AE09-8513C3242358}.Release|Any CPU.ActiveCfg = Release|Any CPU
		{91244479-2E62-47BA-AE09-8513C3242358}.Release|Any CPU.Build.0 = Release|Any CPU
	EndGlobalSection
	GlobalSection(SolutionProperties) = preSolution
		HideSolutionNode = FALSE
	EndGlobalSection
	GlobalSection(ExtensibilityGlobals) = postSolution
		SolutionGuid = {66115517-57B1-4F4A-8737-BC5338278F7F}
	EndGlobalSection
EndGlobal
